// !$*UTF8*$!
{
	archiveVersion = 1;
	classes = {
	};
	objectVersion = 77;
	objects = {

/* Begin PBXBuildFile section */
		6C043E502C68DE6D00DEBF35 /* README.md in Resources */ = {isa = PBXBuildFile; fileRef = 6C043E4F2C68DE6D00DEBF35 /* README.md */; };
		6C043E522C68DE9C00DEBF35 /* .github in Resources */ = {isa = PBXBuildFile; fileRef = 6C043E512C68DE9C00DEBF35 /* .github */; };
		6C19E97C2C68AE130035845C /* Localizable.xcstrings in Resources */ = {isa = PBXBuildFile; fileRef = 6C19E97B2C68AE130035845C /* Localizable.xcstrings */; };
		6C1CB6FB2C921D6500305288 /* MarkdownUI in Frameworks */ = {isa = PBXBuildFile; productRef = 6C1CB6FA2C921D6500305288 /* MarkdownUI */; };
		6C232DE72C08C51D00C003B1 /* KeychainAccess in Frameworks */ = {isa = PBXBuildFile; productRef = 6C232DE62C08C51D00C003B1 /* KeychainAccess */; };
		6C3F26B92CB47467007FFB25 /* LaunchAtLogin in Frameworks */ = {isa = PBXBuildFile; productRef = 6C3F26B82CB47467007FFB25 /* LaunchAtLogin */; };
		6C7C4CA12C071A0400B9B4DA /* LinkHeaderParser in Frameworks */ = {isa = PBXBuildFile; productRef = 6C7C4CA02C071A0400B9B4DA /* LinkHeaderParser */; };
		6CB7203E2C70ED840067CA1D /* MarkdownUI in Frameworks */ = {isa = PBXBuildFile; productRef = 6CB7203D2C70ED840067CA1D /* MarkdownUI */; };
		6CB720462C725FA70067CA1D /* ExportOptions.plist in Resources */ = {isa = PBXBuildFile; fileRef = 6CB720452C725FA70067CA1D /* ExportOptions.plist */; };
		6CDC9FAD2C75C8C5005FAFFD /* .gitignore in Resources */ = {isa = PBXBuildFile; fileRef = 6CDC9FAA2C75C8C4005FAFFD /* .gitignore */; };
		6CDC9FAE2C75C8C5005FAFFD /* .swift-version in Resources */ = {isa = PBXBuildFile; fileRef = 6CDC9FAB2C75C8C5005FAFFD /* .swift-version */; };
		6CDC9FAF2C75C8C5005FAFFD /* renovate.json in Resources */ = {isa = PBXBuildFile; fileRef = 6CDC9FAC2C75C8C5005FAFFD /* renovate.json */; };
		6CDC9FB12C75C8FB005FAFFD /* .swiftformat in Resources */ = {isa = PBXBuildFile; fileRef = 6CDC9FB02C75C8FB005FAFFD /* .swiftformat */; };
		6CE0CE6C2C40FF5D00ECF4FA /* MenuBarExtraAccess in Frameworks */ = {isa = PBXBuildFile; productRef = 6CE0CE6B2C40FF5D00ECF4FA /* MenuBarExtraAccess */; };
		6CFBFDBD2EA7A58400DAD857 /* build-dmg.sh in Resources */ = {isa = PBXBuildFile; fileRef = 6CFBFDBC2EA7A57800DAD857 /* build-dmg.sh */; };
		6CFE0C732D86FD5C00985A1C /* CodeScanner in Frameworks */ = {isa = PBXBuildFile; platformFilter = ios; productRef = 6CFE0C722D86FD5C00985A1C /* CodeScanner */; };
/* End PBXBuildFile section */

/* Begin PBXContainerItemProxy section */
		6C1CB6D22C920E2E00305288 /* PBXContainerItemProxy */ = {
			isa = PBXContainerItemProxy;
			containerPortal = 6CB0271A2BFF817E00C4C3B1 /* Project object */;
			proxyType = 1;
			remoteGlobalIDString = 6CB027212BFF817E00C4C3B1;
			remoteInfo = PReek;
		};
/* End PBXContainerItemProxy section */

/* Begin PBXFileReference section */
		6C043E4F2C68DE6D00DEBF35 /* README.md */ = {isa = PBXFileReference; fileEncoding = 4; lastKnownFileType = net.daringfireball.markdown; path = README.md; sourceTree = "<group>"; };
		6C043E512C68DE9C00DEBF35 /* .github */ = {isa = PBXFileReference; lastKnownFileType = folder; path = .github; sourceTree = "<group>"; };
		6C19E97B2C68AE130035845C /* Localizable.xcstrings */ = {isa = PBXFileReference; lastKnownFileType = text.json.xcstrings; path = Localizable.xcstrings; sourceTree = "<group>"; };
		6C1CB6CE2C920E2E00305288 /* PReekTests.xctest */ = {isa = PBXFileReference; explicitFileType = wrapper.cfbundle; includeInIndex = 0; path = PReekTests.xctest; sourceTree = BUILT_PRODUCTS_DIR; };
		6CB027222BFF817E00C4C3B1 /* PReek.app */ = {isa = PBXFileReference; explicitFileType = wrapper.application; includeInIndex = 0; path = PReek.app; sourceTree = BUILT_PRODUCTS_DIR; };
		6CB720452C725FA70067CA1D /* ExportOptions.plist */ = {isa = PBXFileReference; lastKnownFileType = text.plist.xml; path = ExportOptions.plist; sourceTree = "<group>"; };
		6CDC9FAA2C75C8C4005FAFFD /* .gitignore */ = {isa = PBXFileReference; fileEncoding = 4; lastKnownFileType = text; path = .gitignore; sourceTree = "<group>"; };
		6CDC9FAB2C75C8C5005FAFFD /* .swift-version */ = {isa = PBXFileReference; fileEncoding = 4; lastKnownFileType = text; path = ".swift-version"; sourceTree = "<group>"; };
		6CDC9FAC2C75C8C5005FAFFD /* renovate.json */ = {isa = PBXFileReference; fileEncoding = 4; lastKnownFileType = text.json; path = renovate.json; sourceTree = "<group>"; };
		6CDC9FB02C75C8FB005FAFFD /* .swiftformat */ = {isa = PBXFileReference; lastKnownFileType = text; path = .swiftformat; sourceTree = "<group>"; };
		6CFBFDBC2EA7A57800DAD857 /* build-dmg.sh */ = {isa = PBXFileReference; lastKnownFileType = text.script.sh; path = "build-dmg.sh"; sourceTree = "<group>"; };
/* End PBXFileReference section */

/* Begin PBXFileSystemSynchronizedBuildFileExceptionSet section */
		6C3DA8F52FCEF86D006984E7 /* Exceptions for "PReek" folder in "PReek" target */ = {
			isa = PBXFileSystemSynchronizedBuildFileExceptionSet;
			membershipExceptions = (
				Info.plist,
			);
			target = 6CB027212BFF817E00C4C3B1 /* PReek */;
		};
		6C3DA8F62FCEF86D006984E7 /* Exceptions for "PReek" folder in "PReekTests" target */ = {
			isa = PBXFileSystemSynchronizedBuildFileExceptionSet;
			membershipExceptions = (
				Models/AppError.swift,
				Models/Comment.swift,
				Models/Commit.swift,
				Models/Event.swift,
				Models/Notification.swift,
				Models/PullRequest.swift,
				Models/ReadData.swift,
				Models/Repository.swift,
				Models/Scope.swift,
				Models/ShareConfig.swift,
				Models/User.swift,
				Models/Viewer.swift,
				Services/DtoModelMapper/canMergeEvents.swift,
				Services/DtoModelMapper/reviewThreadsCommentsToEvents.swift,
				Services/DtoModelMapper/timelineItemsToEvents.swift,
				Services/DtoModelMapper/toComment.swift,
				Services/DtoModelMapper/toNotifications.swift,
				Services/DtoModelMapper/toOptionalUrl.swift,
				Services/DtoModelMapper/toPullRequests.swift,
				Services/DtoModelMapper/toRepository.swift,
				Services/DtoModelMapper/toUser.swift,
				Services/DtoModelMapper/toViewer.swift,
				Services/NotificationDto.swift,
				Services/PullRequestDto.swift,
				Utility/CaseIterableDefaultsLast.swift,
				Utility/CodableAppStorage.swift,
				Utility/dateHelpers.swift,
				Utility/DisableAutocapitalization.swift,
				Utility/generateJsonQrCode.swift,
				Utility/IfStringInterpolation.swift,
				Utility/mergeArray.swift,
				Utility/PullRequestListFilter.swift,
				Utility/PullRequestUnreadCalculator.swift,
				Utility/systemColors.swift,
			);
			target = 6C1CB6CD2C920E2E00305288 /* PReekTests */;
		};
/* End PBXFileSystemSynchronizedBuildFileExceptionSet section */

/* Begin PBXFileSystemSynchronizedRootGroup section */
		6C1CB6CF2C920E2E00305288 /* PReekTests */ = {
			isa = PBXFileSystemSynchronizedRootGroup;
			path = PReekTests;
			sourceTree = "<group>";
		};
		6C3DA8842FCEF86C006984E7 /* PReek */ = {
			isa = PBXFileSystemSynchronizedRootGroup;
			exceptions = (
				6C3DA8F52FCEF86D006984E7 /* Exceptions for "PReek" folder in "PReek" target */,
				6C3DA8F62FCEF86D006984E7 /* Exceptions for "PReek" folder in "PReekTests" target */,
			);
			path = PReek;
			sourceTree = "<group>";
		};
/* End PBXFileSystemSynchronizedRootGroup section */

/* Begin PBXFrameworksBuildPhase section */
		6C1CB6CB2C920E2E00305288 /* Frameworks */ = {
			isa = PBXFrameworksBuildPhase;
			buildActionMask = 2147483647;
			files = (
				6C1CB6FB2C921D6500305288 /* MarkdownUI in Frameworks */,
			);
			runOnlyForDeploymentPostprocessing = 0;
		};
		6CB0271F2BFF817E00C4C3B1 /* Frameworks */ = {
			isa = PBXFrameworksBuildPhase;
			buildActionMask = 2147483647;
			files = (
				6C232DE72C08C51D00C003B1 /* KeychainAccess in Frameworks */,
				6CE0CE6C2C40FF5D00ECF4FA /* MenuBarExtraAccess in Frameworks */,
				6CFE0C732D86FD5C00985A1C /* CodeScanner in Frameworks */,
				6C7C4CA12C071A0400B9B4DA /* LinkHeaderParser in Frameworks */,
				6C3F26B92CB47467007FFB25 /* LaunchAtLogin in Frameworks */,
				6CB7203E2C70ED840067CA1D /* MarkdownUI in Frameworks */,
			);
			runOnlyForDeploymentPostprocessing = 0;
		};
/* End PBXFrameworksBuildPhase section */

/* Begin PBXGroup section */
		6CB027192BFF817E00C4C3B1 = {
			isa = PBXGroup;
			children = (
				6C043E512C68DE9C00DEBF35 /* .github */,
				6C3DA8842FCEF86C006984E7 /* PReek */,
				6C1CB6CF2C920E2E00305288 /* PReekTests */,
				6CDC9FAA2C75C8C4005FAFFD /* .gitignore */,
				6CDC9FB02C75C8FB005FAFFD /* .swiftformat */,
				6CDC9FAB2C75C8C5005FAFFD /* .swift-version */,
				6CDC9FAC2C75C8C5005FAFFD /* renovate.json */,
				6C043E4F2C68DE6D00DEBF35 /* README.md */,
				6C19E97B2C68AE130035845C /* Localizable.xcstrings */,
				6CB720452C725FA70067CA1D /* ExportOptions.plist */,
				6CFBFDBC2EA7A57800DAD857 /* build-dmg.sh */,
				6CB027232BFF817E00C4C3B1 /* Products */,
			);
			sourceTree = "<group>";
		};
		6CB027232BFF817E00C4C3B1 /* Products */ = {
			isa = PBXGroup;
			children = (
				6CB027222BFF817E00C4C3B1 /* PReek.app */,
				6C1CB6CE2C920E2E00305288 /* PReekTests.xctest */,
			);
			name = Products;
			sourceTree = "<group>";
		};
/* End PBXGroup section */

/* Begin PBXNativeTarget section */
		6C1CB6CD2C920E2E00305288 /* PReekTests */ = {
			isa = PBXNativeTarget;
			buildConfigurationList = 6C1CB6D62C920E2E00305288 /* Build configuration list for PBXNativeTarget "PReekTests" */;
			buildPhases = (
				6C1CB6CA2C920E2E00305288 /* Sources */,
				6C1CB6CB2C920E2E00305288 /* Frameworks */,
				6C1CB6CC2C920E2E00305288 /* Resources */,
			);
			buildRules = (
			);
			dependencies = (
				6C1CB6D32C920E2E00305288 /* PBXTargetDependency */,
			);
			fileSystemSynchronizedGroups = (
				6C1CB6CF2C920E2E00305288 /* PReekTests */,
			);
			name = PReekTests;
			packageProductDependencies = (
				6C1CB6FA2C921D6500305288 /* MarkdownUI */,
			);
			productName = PReekTests;
			productReference = 6C1CB6CE2C920E2E00305288 /* PReekTests.xctest */;
			productType = "com.apple.product-type.bundle.unit-test";
		};
		6CB027212BFF817E00C4C3B1 /* PReek */ = {
			isa = PBXNativeTarget;
			buildConfigurationList = 6CB027472BFF818000C4C3B1 /* Build configuration list for PBXNativeTarget "PReek" */;
			buildPhases = (
				6CB0271E2BFF817E00C4C3B1 /* Sources */,
				6CB0271F2BFF817E00C4C3B1 /* Frameworks */,
				6CB027202BFF817E00C4C3B1 /* Resources */,
			);
			buildRules = (
			);
			dependencies = (
			);
			fileSystemSynchronizedGroups = (
				6C3DA8842FCEF86C006984E7 /* PReek */,
			);
			name = PReek;
			packageProductDependencies = (
				6C7C4CA02C071A0400B9B4DA /* LinkHeaderParser */,
				6C232DE62C08C51D00C003B1 /* KeychainAccess */,
				6CE0CE6B2C40FF5D00ECF4FA /* MenuBarExtraAccess */,
				6CB7203D2C70ED840067CA1D /* MarkdownUI */,
				6C3F26B82CB47467007FFB25 /* LaunchAtLogin */,
				6CFE0C722D86FD5C00985A1C /* CodeScanner */,
			);
			productName = PReek;
			productReference = 6CB027222BFF817E00C4C3B1 /* PReek.app */;
			productType = "com.apple.product-type.application";
		};
/* End PBXNativeTarget section */

/* Begin PBXProject section */
		6CB0271A2BFF817E00C4C3B1 /* Project object */ = {
			isa = PBXProject;
			attributes = {
				BuildIndependentTargetsInParallel = 1;
				LastSwiftUpdateCheck = 1600;
				LastUpgradeCheck = 2600;
				TargetAttributes = {
					6C1CB6CD2C920E2E00305288 = {
						CreatedOnToolsVersion = 16.0;
					};
					6CB027212BFF817E00C4C3B1 = {
						CreatedOnToolsVersion = 15.4;
					};
				};
			};
			buildConfigurationList = 6CB0271D2BFF817E00C4C3B1 /* Build configuration list for PBXProject "PReek" */;
			developmentRegion = en;
			hasScannedForEncodings = 0;
			knownRegions = (
				en,
				Base,
				de,
			);
			mainGroup = 6CB027192BFF817E00C4C3B1;
			packageReferences = (
				6C7C4C9F2C071A0400B9B4DA /* XCRemoteSwiftPackageReference "LinkHeaderParser" */,
				6C232DE52C08C51D00C003B1 /* XCRemoteSwiftPackageReference "KeychainAccess" */,
				6CE0CE6A2C40FF5D00ECF4FA /* XCRemoteSwiftPackageReference "MenuBarExtraAccess" */,
				6CB7203C2C70ED840067CA1D /* XCRemoteSwiftPackageReference "swift-markdown-ui" */,
				6C3F26B72CB47467007FFB25 /* XCRemoteSwiftPackageReference "LaunchAtLogin-Modern" */,
				6CFE0C712D86FD5C00985A1C /* XCRemoteSwiftPackageReference "CodeScanner" */,
			);
			preferredProjectObjectVersion = 77;
			productRefGroup = 6CB027232BFF817E00C4C3B1 /* Products */;
			projectDirPath = "";
			projectRoot = "";
			targets = (
				6CB027212BFF817E00C4C3B1 /* PReek */,
				6C1CB6CD2C920E2E00305288 /* PReekTests */,
			);
		};
/* End PBXProject section */

/* Begin PBXResourcesBuildPhase section */
		6C1CB6CC2C920E2E00305288 /* Resources */ = {
			isa = PBXResourcesBuildPhase;
			buildActionMask = 2147483647;
			files = (
			);
			runOnlyForDeploymentPostprocessing = 0;
		};
		6CB027202BFF817E00C4C3B1 /* Resources */ = {
			isa = PBXResourcesBuildPhase;
			buildActionMask = 2147483647;
			files = (
				6CDC9FAF2C75C8C5005FAFFD /* renovate.json in Resources */,
				6CB720462C725FA70067CA1D /* ExportOptions.plist in Resources */,
				6C043E502C68DE6D00DEBF35 /* README.md in Resources */,
				6C19E97C2C68AE130035845C /* Localizable.xcstrings in Resources */,
				6CDC9FAD2C75C8C5005FAFFD /* .gitignore in Resources */,
				6C043E522C68DE9C00DEBF35 /* .github in Resources */,
				6CDC9FAE2C75C8C5005FAFFD /* .swift-version in Resources */,
				6CFBFDBD2EA7A58400DAD857 /* build-dmg.sh in Resources */,
				6CDC9FB12C75C8FB005FAFFD /* .swiftformat in Resources */,
			);
			runOnlyForDeploymentPostprocessing = 0;
		};
/* End PBXResourcesBuildPhase section */

/* Begin PBXSourcesBuildPhase section */
		6C1CB6CA2C920E2E00305288 /* Sources */ = {
			isa = PBXSourcesBuildPhase;
			buildActionMask = 2147483647;
			files = (
			);
			runOnlyForDeploymentPostprocessing = 0;
		};
		6CB0271E2BFF817E00C4C3B1 /* Sources */ = {
			isa = PBXSourcesBuildPhase;
			buildActionMask = 2147483647;
			files = (
			);
			runOnlyForDeploymentPostprocessing = 0;
		};
/* End PBXSourcesBuildPhase section */

/* Begin PBXTargetDependency section */
		6C1CB6D32C920E2E00305288 /* PBXTargetDependency */ = {
			isa = PBXTargetDependency;
			target = 6CB027212BFF817E00C4C3B1 /* PReek */;
			targetProxy = 6C1CB6D22C920E2E00305288 /* PBXContainerItemProxy */;
		};
/* End PBXTargetDependency section */

/* Begin XCBuildConfiguration section */
		6C1CB6D42C920E2E00305288 /* Debug */ = {
			isa = XCBuildConfiguration;
			buildSettings = {
				CODE_SIGN_STYLE = Automatic;
				CURRENT_PROJECT_VERSION = 1;
				GENERATE_INFOPLIST_FILE = YES;
				MACOSX_DEPLOYMENT_TARGET = 14.6;
				MARKETING_VERSION = 1.0;
				PRODUCT_BUNDLE_IDENTIFIER = "de.max-heidinger.PReekTests";
				PRODUCT_NAME = "$(TARGET_NAME)";
				SWIFT_EMIT_LOC_STRINGS = NO;
				SWIFT_VERSION = 5.0;
			};
			name = Debug;
		};
		6C1CB6D52C920E2E00305288 /* Release */ = {
			isa = XCBuildConfiguration;
			buildSettings = {
				CODE_SIGN_STYLE = Automatic;
				CURRENT_PROJECT_VERSION = 1;
				GENERATE_INFOPLIST_FILE = YES;
				MACOSX_DEPLOYMENT_TARGET = 14.6;
				MARKETING_VERSION = 1.0;
				PRODUCT_BUNDLE_IDENTIFIER = "de.max-heidinger.PReekTests";
				PRODUCT_NAME = "$(TARGET_NAME)";
				SWIFT_EMIT_LOC_STRINGS = NO;
				SWIFT_VERSION = 5.0;
			};
			name = Release;
		};
		6CB027452BFF818000C4C3B1 /* Debug */ = {
			isa = XCBuildConfiguration;
			buildSettings = {
				ALWAYS_SEARCH_USER_PATHS = NO;
				ASSETCATALOG_COMPILER_GENERATE_SWIFT_ASSET_SYMBOL_EXTENSIONS = YES;
				CLANG_ANALYZER_LOCALIZABILITY_NONLOCALIZED = YES;
				CLANG_ANALYZER_NONNULL = YES;
				CLANG_ANALYZER_NUMBER_OBJECT_CONVERSION = YES_AGGRESSIVE;
				CLANG_CXX_LANGUAGE_STANDARD = "gnu++20";
				CLANG_ENABLE_MODULES = YES;
				CLANG_ENABLE_OBJC_ARC = YES;
				CLANG_ENABLE_OBJC_WEAK = YES;
				CLANG_WARN_BLOCK_CAPTURE_AUTORELEASING = YES;
				CLANG_WARN_BOOL_CONVERSION = YES;
				CLANG_WARN_COMMA = YES;
				CLANG_WARN_CONSTANT_CONVERSION = YES;
				CLANG_WARN_DEPRECATED_OBJC_IMPLEMENTATIONS = YES;
				CLANG_WARN_DIRECT_OBJC_ISA_USAGE = YES_ERROR;
				CLANG_WARN_DOCUMENTATION_COMMENTS = YES;
				CLANG_WARN_EMPTY_BODY = YES;
				CLANG_WARN_ENUM_CONVERSION = YES;
				CLANG_WARN_INFINITE_RECURSION = YES;
				CLANG_WARN_INT_CONVERSION = YES;
				CLANG_WARN_NON_LITERAL_NULL_CONVERSION = YES;
				CLANG_WARN_OBJC_IMPLICIT_RETAIN_SELF = YES;
				CLANG_WARN_OBJC_LITERAL_CONVERSION = YES;
				CLANG_WARN_OBJC_ROOT_CLASS = YES_ERROR;
				CLANG_WARN_QUOTED_INCLUDE_IN_FRAMEWORK_HEADER = YES;
				CLANG_WARN_RANGE_LOOP_ANALYSIS = YES;
				CLANG_WARN_STRICT_PROTOTYPES = YES;
				CLANG_WARN_SUSPICIOUS_MOVE = YES;
				CLANG_WARN_UNGUARDED_AVAILABILITY = YES_AGGRESSIVE;
				CLANG_WARN_UNREACHABLE_CODE = YES;
				CLANG_WARN__DUPLICATE_METHOD_MATCH = YES;
				COPY_PHASE_STRIP = NO;
				DEAD_CODE_STRIPPING = YES;
				DEBUG_INFORMATION_FORMAT = dwarf;
				DEVELOPMENT_TEAM = 68JNFYH5JF;
				ENABLE_STRICT_OBJC_MSGSEND = YES;
				ENABLE_TESTABILITY = YES;
				ENABLE_USER_SCRIPT_SANDBOXING = YES;
				GCC_C_LANGUAGE_STANDARD = gnu17;
				GCC_DYNAMIC_NO_PIC = NO;
				GCC_NO_COMMON_BLOCKS = YES;
				GCC_OPTIMIZATION_LEVEL = 0;
				GCC_PREPROCESSOR_DEFINITIONS = (
					"DEBUG=1",
					"$(inherited)",
				);
				GCC_WARN_64_TO_32_BIT_CONVERSION = YES;
				GCC_WARN_ABOUT_RETURN_TYPE = YES_ERROR;
				GCC_WARN_UNDECLARED_SELECTOR = YES;
				GCC_WARN_UNINITIALIZED_AUTOS = YES_AGGRESSIVE;
				GCC_WARN_UNUSED_FUNCTION = YES;
				GCC_WARN_UNUSED_VARIABLE = YES;
				LOCALIZATION_PREFERS_STRING_CATALOGS = YES;
				MACOSX_DEPLOYMENT_TARGET = 14.5;
				MTL_ENABLE_DEBUG_INFO = INCLUDE_SOURCE;
				MTL_FAST_MATH = YES;
				ONLY_ACTIVE_ARCH = YES;
				SDKROOT = macosx;
				STRING_CATALOG_GENERATE_SYMBOLS = YES;
				SWIFT_ACTIVE_COMPILATION_CONDITIONS = "DEBUG $(inherited)";
				SWIFT_OPTIMIZATION_LEVEL = "-Onone";
				SWIFT_VERSION = 5.0;
			};
			name = Debug;
		};
		6CB027462BFF818000C4C3B1 /* Release */ = {
			isa = XCBuildConfiguration;
			buildSettings = {
				ALWAYS_SEARCH_USER_PATHS = NO;
				ASSETCATALOG_COMPILER_GENERATE_SWIFT_ASSET_SYMBOL_EXTENSIONS = YES;
				CLANG_ANALYZER_LOCALIZABILITY_NONLOCALIZED = YES;
				CLANG_ANALYZER_NONNULL = YES;
				CLANG_ANALYZER_NUMBER_OBJECT_CONVERSION = YES_AGGRESSIVE;
				CLANG_CXX_LANGUAGE_STANDARD = "gnu++20";
				CLANG_ENABLE_MODULES = YES;
				CLANG_ENABLE_OBJC_ARC = YES;
				CLANG_ENABLE_OBJC_WEAK = YES;
				CLANG_WARN_BLOCK_CAPTURE_AUTORELEASING = YES;
				CLANG_WARN_BOOL_CONVERSION = YES;
				CLANG_WARN_COMMA = YES;
				CLANG_WARN_CONSTANT_CONVERSION = YES;
				CLANG_WARN_DEPRECATED_OBJC_IMPLEMENTATIONS = YES;
				CLANG_WARN_DIRECT_OBJC_ISA_USAGE = YES_ERROR;
				CLANG_WARN_DOCUMENTATION_COMMENTS = YES;
				CLANG_WARN_EMPTY_BODY = YES;
				CLANG_WARN_ENUM_CONVERSION = YES;
				CLANG_WARN_INFINITE_RECURSION = YES;
				CLANG_WARN_INT_CONVERSION = YES;
				CLANG_WARN_NON_LITERAL_NULL_CONVERSION = YES;
				CLANG_WARN_OBJC_IMPLICIT_RETAIN_SELF = YES;
				CLANG_WARN_OBJC_LITERAL_CONVERSION = YES;
				CLANG_WARN_OBJC_ROOT_CLASS = YES_ERROR;
				CLANG_WARN_QUOTED_INCLUDE_IN_FRAMEWORK_HEADER = YES;
				CLANG_WARN_RANGE_LOOP_ANALYSIS = YES;
				CLANG_WARN_STRICT_PROTOTYPES = YES;
				CLANG_WARN_SUSPICIOUS_MOVE = YES;
				CLANG_WARN_UNGUARDED_AVAILABILITY = YES_AGGRESSIVE;
				CLANG_WARN_UNREACHABLE_CODE = YES;
				CLANG_WARN__DUPLICATE_METHOD_MATCH = YES;
				COPY_PHASE_STRIP = NO;
				DEAD_CODE_STRIPPING = YES;
				DEBUG_INFORMATION_FORMAT = "dwarf-with-dsym";
				DEVELOPMENT_TEAM = 68JNFYH5JF;
				ENABLE_NS_ASSERTIONS = NO;
				ENABLE_STRICT_OBJC_MSGSEND = YES;
				ENABLE_USER_SCRIPT_SANDBOXING = YES;
				GCC_C_LANGUAGE_STANDARD = gnu17;
				GCC_NO_COMMON_BLOCKS = YES;
				GCC_WARN_64_TO_32_BIT_CONVERSION = YES;
				GCC_WARN_ABOUT_RETURN_TYPE = YES_ERROR;
				GCC_WARN_UNDECLARED_SELECTOR = YES;
				GCC_WARN_UNINITIALIZED_AUTOS = YES_AGGRESSIVE;
				GCC_WARN_UNUSED_FUNCTION = YES;
				GCC_WARN_UNUSED_VARIABLE = YES;
				LOCALIZATION_PREFERS_STRING_CATALOGS = YES;
				MACOSX_DEPLOYMENT_TARGET = 14.5;
				MTL_ENABLE_DEBUG_INFO = NO;
				MTL_FAST_MATH = YES;
				SDKROOT = macosx;
				STRING_CATALOG_GENERATE_SYMBOLS = YES;
				SWIFT_COMPILATION_MODE = wholemodule;
				SWIFT_VERSION = 5.0;
			};
			name = Release;
		};
		6CB027482BFF818000C4C3B1 /* Debug */ = {
			isa = XCBuildConfiguration;
			buildSettings = {
				ASSETCATALOG_COMPILER_APPICON_NAME = AppIcon;
				ASSETCATALOG_COMPILER_GLOBAL_ACCENT_COLOR_NAME = AccentColor;
				CODE_SIGN_ENTITLEMENTS = PReek/PReek.entitlements;
				CODE_SIGN_IDENTITY = "Apple Development";
				"CODE_SIGN_IDENTITY[sdk=macosx*]" = "Apple Development";
				CODE_SIGN_STYLE = Automatic;
				COMBINE_HIDPI_IMAGES = YES;
				CURRENT_PROJECT_VERSION = 1;
				DEAD_CODE_STRIPPING = YES;
				DEVELOPMENT_ASSET_PATHS = "";
				ENABLE_APP_SANDBOX = YES;
				ENABLE_HARDENED_RUNTIME = YES;
				ENABLE_OUTGOING_NETWORK_CONNECTIONS = YES;
				ENABLE_PREVIEWS = YES;
				GENERATE_INFOPLIST_FILE = YES;
				INFOPLIST_FILE = PReek/Info.plist;
				INFOPLIST_KEY_CFBundleDisplayName = PReek;
				INFOPLIST_KEY_LSApplicationCategoryType = "public.app-category.developer-tools";
				INFOPLIST_KEY_LSUIElement = YES;
				INFOPLIST_KEY_NSCameraUsageDescription = "Scan QR codes to import app configuration";
				INFOPLIST_KEY_NSHumanReadableCopyright = "";
				IPHONEOS_DEPLOYMENT_TARGET = 26.0;
				LD_RUNPATH_SEARCH_PATHS = (
					"$(inherited)",
					"@executable_path/../Frameworks",
				);
				MACOSX_DEPLOYMENT_TARGET = 26.0;
				MARKETING_VERSION = 0.7.0;
				PRODUCT_BUNDLE_IDENTIFIER = "de.max-heidinger.PReek";
				PRODUCT_NAME = "$(TARGET_NAME)";
				PROVISIONING_PROFILE_SPECIFIER = "";
				SDKROOT = macosx;
				SUPPORTED_PLATFORMS = "iphoneos iphonesimulator macosx";
				SUPPORTS_MACCATALYST = NO;
				SWIFT_EMIT_LOC_STRINGS = YES;
				SWIFT_VERSION = 5.0;
				TARGETED_DEVICE_FAMILY = "1,2";
			};
			name = Debug;
		};
		6CB027492BFF818000C4C3B1 /* Release */ = {
			isa = XCBuildConfiguration;
			buildSettings = {
				ASSETCATALOG_COMPILER_APPICON_NAME = AppIcon;
				ASSETCATALOG_COMPILER_GLOBAL_ACCENT_COLOR_NAME = AccentColor;
				CODE_SIGN_ENTITLEMENTS = PReek/PReek.entitlements;
				CODE_SIGN_IDENTITY = "Apple Development";
				"CODE_SIGN_IDENTITY[sdk=macosx*]" = "Apple Development";
				CODE_SIGN_STYLE = Automatic;
				COMBINE_HIDPI_IMAGES = YES;
				CURRENT_PROJECT_VERSION = 1;
				DEAD_CODE_STRIPPING = YES;
				DEVELOPMENT_ASSET_PATHS = "";
				ENABLE_APP_SANDBOX = YES;
				ENABLE_HARDENED_RUNTIME = YES;
				ENABLE_OUTGOING_NETWORK_CONNECTIONS = YES;
				ENABLE_PREVIEWS = YES;
				GENERATE_INFOPLIST_FILE = YES;
				INFOPLIST_FILE = PReek/Info.plist;
				INFOPLIST_KEY_CFBundleDisplayName = PReek;
				INFOPLIST_KEY_LSApplicationCategoryType = "public.app-category.developer-tools";
				INFOPLIST_KEY_LSUIElement = YES;
				INFOPLIST_KEY_NSCameraUsageDescription = "Scan QR codes to import app configuration";
				INFOPLIST_KEY_NSHumanReadableCopyright = "";
				IPHONEOS_DEPLOYMENT_TARGET = 26.0;
				LD_RUNPATH_SEARCH_PATHS = (
					"$(inherited)",
					"@executable_path/../Frameworks",
				);
				MACOSX_DEPLOYMENT_TARGET = 26.0;
				MARKETING_VERSION = 0.7.0;
				PRODUCT_BUNDLE_IDENTIFIER = "de.max-heidinger.PReek";
				PRODUCT_NAME = "$(TARGET_NAME)";
				PROVISIONING_PROFILE_SPECIFIER = "";
				SDKROOT = macosx;
				SUPPORTED_PLATFORMS = "iphoneos iphonesimulator macosx";
				SUPPORTS_MACCATALYST = NO;
				SWIFT_EMIT_LOC_STRINGS = YES;
				SWIFT_VERSION = 5.0;
				TARGETED_DEVICE_FAMILY = "1,2";
			};
			name = Release;
		};
/* End XCBuildConfiguration section */

/* Begin XCConfigurationList section */
		6C1CB6D62C920E2E00305288 /* Build configuration list for PBXNativeTarget "PReekTests" */ = {
			isa = XCConfigurationList;
			buildConfigurations = (
				6C1CB6D42C920E2E00305288 /* Debug */,
				6C1CB6D52C920E2E00305288 /* Release */,
			);
			defaultConfigurationIsVisible = 0;
			defaultConfigurationName = Release;
		};
		6CB0271D2BFF817E00C4C3B1 /* Build configuration list for PBXProject "PReek" */ = {
			isa = XCConfigurationList;
			buildConfigurations = (
				6CB027452BFF818000C4C3B1 /* Debug */,
				6CB027462BFF818000C4C3B1 /* Release */,
			);
			defaultConfigurationIsVisible = 0;
			defaultConfigurationName = Release;
		};
		6CB027472BFF818000C4C3B1 /* Build configuration list for PBXNativeTarget "PReek" */ = {
			isa = XCConfigurationList;
			buildConfigurations = (
				6CB027482BFF818000C4C3B1 /* Debug */,
				6CB027492BFF818000C4C3B1 /* Release */,
			);
			defaultConfigurationIsVisible = 0;
			defaultConfigurationName = Release;
		};
/* End XCConfigurationList section */

/* Begin XCRemoteSwiftPackageReference section */
		6C232DE52C08C51D00C003B1 /* XCRemoteSwiftPackageReference "KeychainAccess" */ = {
			isa = XCRemoteSwiftPackageReference;
			repositoryURL = "https://github.com/kishikawakatsumi/KeychainAccess";
			requirement = {
				kind = upToNextMajorVersion;
				minimumVersion = 4.2.2;
			};
		};
		6C3F26B72CB47467007FFB25 /* XCRemoteSwiftPackageReference "LaunchAtLogin-Modern" */ = {
			isa = XCRemoteSwiftPackageReference;
			repositoryURL = "https://github.com/sindresorhus/LaunchAtLogin-Modern";
			requirement = {
				kind = upToNextMajorVersion;
				minimumVersion = 1.1.0;
			};
		};
		6C7C4C9F2C071A0400B9B4DA /* XCRemoteSwiftPackageReference "LinkHeaderParser" */ = {
			isa = XCRemoteSwiftPackageReference;
			repositoryURL = "https://github.com/Frizlab/LinkHeaderParser.git";
			requirement = {
				branch = main;
				kind = branch;
			};
		};
		6CB7203C2C70ED840067CA1D /* XCRemoteSwiftPackageReference "swift-markdown-ui" */ = {
			isa = XCRemoteSwiftPackageReference;
			repositoryURL = "https://github.com/gonzalezreal/swift-markdown-ui";
			requirement = {
				kind = upToNextMajorVersion;
				minimumVersion = 2.4.0;
			};
		};
		6CE0CE6A2C40FF5D00ECF4FA /* XCRemoteSwiftPackageReference "MenuBarExtraAccess" */ = {
			isa = XCRemoteSwiftPackageReference;
			repositoryURL = "https://github.com/orchetect/MenuBarExtraAccess";
			requirement = {
				kind = upToNextMajorVersion;
				minimumVersion = 1.0.5;
			};
		};
		6CFE0C712D86FD5C00985A1C /* XCRemoteSwiftPackageReference "CodeScanner" */ = {
			isa = XCRemoteSwiftPackageReference;
			repositoryURL = "https://github.com/twostraws/CodeScanner";
			requirement = {
				kind = upToNextMajorVersion;
				minimumVersion = 2.5.2;
			};
		};
/* End XCRemoteSwiftPackageReference section */

/* Begin XCSwiftPackageProductDependency section */
		6C1CB6FA2C921D6500305288 /* MarkdownUI */ = {
			isa = XCSwiftPackageProductDependency;
			package = 6CB7203C2C70ED840067CA1D /* XCRemoteSwiftPackageReference "swift-markdown-ui" */;
			productName = MarkdownUI;
		};
		6C232DE62C08C51D00C003B1 /* KeychainAccess */ = {
			isa = XCSwiftPackageProductDependency;
			package = 6C232DE52C08C51D00C003B1 /* XCRemoteSwiftPackageReference "KeychainAccess" */;
			productName = KeychainAccess;
		};
		6C3F26B82CB47467007FFB25 /* LaunchAtLogin */ = {
			isa = XCSwiftPackageProductDependency;
			package = 6C3F26B72CB47467007FFB25 /* XCRemoteSwiftPackageReference "LaunchAtLogin-Modern" */;
			productName = LaunchAtLogin;
		};
		6C7C4CA02C071A0400B9B4DA /* LinkHeaderParser */ = {
			isa = XCSwiftPackageProductDependency;
			package = 6C7C4C9F2C071A0400B9B4DA /* XCRemoteSwiftPackageReference "LinkHeaderParser" */;
			productName = LinkHeaderParser;
		};
		6CB7203D2C70ED840067CA1D /* MarkdownUI */ = {
			isa = XCSwiftPackageProductDependency;
			package = 6CB7203C2C70ED840067CA1D /* XCRemoteSwiftPackageReference "swift-markdown-ui" */;
			productName = MarkdownUI;
		};
		6CE0CE6B2C40FF5D00ECF4FA /* MenuBarExtraAccess */ = {
			isa = XCSwiftPackageProductDependency;
			package = 6CE0CE6A2C40FF5D00ECF4FA /* XCRemoteSwiftPackageReference "MenuBarExtraAccess" */;
			productName = MenuBarExtraAccess;
		};
		6CFE0C722D86FD5C00985A1C /* CodeScanner */ = {
			isa = XCSwiftPackageProductDependency;
			package = 6CFE0C712D86FD5C00985A1C /* XCRemoteSwiftPackageReference "CodeScanner" */;
			productName = CodeScanner;
		};
/* End XCSwiftPackageProductDependency section */
	};
	rootObject = 6CB0271A2BFF817E00C4C3B1 /* Project object */;
}
