// !$*UTF8*$!
{
	archiveVersion = 1;
	classes = {
	};
	objectVersion = 77;
	objects = {

/* Begin PBXBuildFile section */
		6C043E502C68DE6D00DEBF35 /* README.md in Resources */ = {isa = PBXBuildFile; fileRef = 6C043E4F2C68DE6D00DEBF35 /* README.md */; };
		6C043E522C68DE9C00DEBF35 /* .github in Resources */ = {isa = PBXBuildFile; fileRef = 6C043E512C68DE9C00DEBF35 /* .github */; };
		6C19E97C2C68AE130035845C /* Localizable.xcstrings in Resources */ = {isa = PBXBuildFile; fileRef = 6C19E97B2C68AE130035845C /* Localizable.xcstrings */; };
		6C1CB6D72C921ABD00305288 /* PullRequest.swift in Sources */ = {isa = PBXBuildFile; fileRef = 6CE563FD2C008D9A008E9A4B /* PullRequest.swift */; };
		6C1CB6D82C921ABD00305288 /* Event.swift in Sources */ = {isa = PBXBuildFile; fileRef = 6CE563FF2C008DDC008E9A4B /* Event.swift */; };
		6C1CB6D92C921ABD00305288 /* Notification.swift in Sources */ = {isa = PBXBuildFile; fileRef = 6C50F4372C04C590008F5B66 /* Notification.swift */; };
		6C1CB6DA2C921ABD00305288 /* User.swift in Sources */ = {isa = PBXBuildFile; fileRef = 6C232DF42C3F174A00C003B1 /* User.swift */; };
		6C1CB6DB2C921ABD00305288 /* Repository.swift in Sources */ = {isa = PBXBuildFile; fileRef = 6C232DF62C3F1ACA00C003B1 /* Repository.swift */; };
		6C1CB6DC2C921ABD00305288 /* Commit.swift in Sources */ = {isa = PBXBuildFile; fileRef = 6CB720382C7091D00067CA1D /* Commit.swift */; };
		6C1CB6DD2C921ABD00305288 /* Comment.swift in Sources */ = {isa = PBXBuildFile; fileRef = 6CDC9FA12C752B55005FAFFD /* Comment.swift */; };
		6C1CB6DE2C921ABD00305288 /* Viewer.swift in Sources */ = {isa = PBXBuildFile; fileRef = 6C66CF3E2C889AFC0060F290 /* Viewer.swift */; };
		6C1CB6DF2C921ABD00305288 /* Scope.swift in Sources */ = {isa = PBXBuildFile; fileRef = 6C66CF402C889B810060F290 /* Scope.swift */; };
		6C1CB6E02C921ABD00305288 /* AppError.swift in Sources */ = {isa = PBXBuildFile; fileRef = 6C66CF422C889B980060F290 /* AppError.swift */; };
		6C1CB6E12C921AD400305288 /* toNotifications.swift in Sources */ = {isa = PBXBuildFile; fileRef = 6C50F4392C04C830008F5B66 /* toNotifications.swift */; };
		6C1CB6E22C921AD400305288 /* toPullRequests.swift in Sources */ = {isa = PBXBuildFile; fileRef = 6CE564152C011BAE008E9A4B /* toPullRequests.swift */; };
		6C1CB6E32C921AD400305288 /* timelineItemsToEvents.swift in Sources */ = {isa = PBXBuildFile; fileRef = 6C3605B32C751AD300664E66 /* timelineItemsToEvents.swift */; };
		6C1CB6E42C921AD400305288 /* toUser.swift in Sources */ = {isa = PBXBuildFile; fileRef = 6C3605B52C751B4C00664E66 /* toUser.swift */; };
		6C1CB6E52C921AD400305288 /* toRepository.swift in Sources */ = {isa = PBXBuildFile; fileRef = 6C3605B72C751B6900664E66 /* toRepository.swift */; };
		6C1CB6E62C921AD400305288 /* reviewThreadsCommentsToEvents.swift in Sources */ = {isa = PBXBuildFile; fileRef = 6CDC9F9D2C75278A005FAFFD /* reviewThreadsCommentsToEvents.swift */; };
		6C1CB6E72C921AD400305288 /* toOptionalUrl.swift in Sources */ = {isa = PBXBuildFile; fileRef = 6CDC9F9F2C752A04005FAFFD /* toOptionalUrl.swift */; };
		6C1CB6E82C921AD400305288 /* toComment.swift in Sources */ = {isa = PBXBuildFile; fileRef = 6CDC9FA32C752E31005FAFFD /* toComment.swift */; };
		6C1CB6E92C921AD400305288 /* toViewer.swift in Sources */ = {isa = PBXBuildFile; fileRef = 6C66CF442C889C1F0060F290 /* toViewer.swift */; };
		6C1CB6EA2C921AD400305288 /* canMergeEvents.swift in Sources */ = {isa = PBXBuildFile; fileRef = 6C2942BB2C8AF35700E7D0EF /* canMergeEvents.swift */; };
		6C1CB6EB2C921AE500305288 /* PullRequestDto.swift in Sources */ = {isa = PBXBuildFile; fileRef = 6CE564132C0119CF008E9A4B /* PullRequestDto.swift */; };
		6C1CB6EC2C921B2100305288 /* mergeArray.swift in Sources */ = {isa = PBXBuildFile; fileRef = 6C2942BD2C8AF98B00E7D0EF /* mergeArray.swift */; };
		6C1CB6ED2C921B4600305288 /* NotificationDto.swift in Sources */ = {isa = PBXBuildFile; fileRef = 6C50F4352C0486BA008F5B66 /* NotificationDto.swift */; };
		6C1CB6EE2C921B8600305288 /* IfStringInterpolation.swift in Sources */ = {isa = PBXBuildFile; fileRef = 6C7C4CA22C087A9900B9B4DA /* IfStringInterpolation.swift */; };
		6C1CB6F12C921C9900305288 /* CaseIterableDefaultsLast.swift in Sources */ = {isa = PBXBuildFile; fileRef = 6C1CB6F02C921C8E00305288 /* CaseIterableDefaultsLast.swift */; };
		6C1CB6F22C921C9900305288 /* CaseIterableDefaultsLast.swift in Sources */ = {isa = PBXBuildFile; fileRef = 6C1CB6F02C921C8E00305288 /* CaseIterableDefaultsLast.swift */; };
		6C1CB6F42C921CB700305288 /* CodableAppStorage.swift in Sources */ = {isa = PBXBuildFile; fileRef = 6C1CB6F32C921CAF00305288 /* CodableAppStorage.swift */; };
		6C1CB6F52C921CB700305288 /* CodableAppStorage.swift in Sources */ = {isa = PBXBuildFile; fileRef = 6C1CB6F32C921CAF00305288 /* CodableAppStorage.swift */; };
		6C1CB6F72C921CD100305288 /* IfView.swift in Sources */ = {isa = PBXBuildFile; fileRef = 6C1CB6F62C921CCF00305288 /* IfView.swift */; };
		6C1CB6FB2C921D6500305288 /* MarkdownUI in Frameworks */ = {isa = PBXBuildFile; productRef = 6C1CB6FA2C921D6500305288 /* MarkdownUI */; };
		6C1CB6FD2C92344200305288 /* RevealSecureField.swift in Sources */ = {isa = PBXBuildFile; fileRef = 6C1CB6FC2C92342F00305288 /* RevealSecureField.swift */; };
		6C232DE72C08C51D00C003B1 /* KeychainAccess in Frameworks */ = {isa = PBXBuildFile; productRef = 6C232DE62C08C51D00C003B1 /* KeychainAccess */; };
		6C232DEB2C08C95E00C003B1 /* ConfigViewModel.swift in Sources */ = {isa = PBXBuildFile; fileRef = 6C232DEA2C08C95E00C003B1 /* ConfigViewModel.swift */; };
		6C232DED2C08CB9600C003B1 /* KeychainStorage.swift in Sources */ = {isa = PBXBuildFile; fileRef = 6C232DEC2C08CB9600C003B1 /* KeychainStorage.swift */; };
		6C232DEF2C08F6C600C003B1 /* ConfigService.swift in Sources */ = {isa = PBXBuildFile; fileRef = 6C232DEE2C08F6C600C003B1 /* ConfigService.swift */; };
		6C232DF52C3F174A00C003B1 /* User.swift in Sources */ = {isa = PBXBuildFile; fileRef = 6C232DF42C3F174A00C003B1 /* User.swift */; };
		6C232DF72C3F1ACA00C003B1 /* Repository.swift in Sources */ = {isa = PBXBuildFile; fileRef = 6C232DF62C3F1ACA00C003B1 /* Repository.swift */; };
		6C2942BA2C89A67B00E7D0EF /* BulletPoint.swift in Sources */ = {isa = PBXBuildFile; fileRef = 6C2942B92C89A67B00E7D0EF /* BulletPoint.swift */; };
		6C2942BC2C8AF35700E7D0EF /* canMergeEvents.swift in Sources */ = {isa = PBXBuildFile; fileRef = 6C2942BB2C8AF35700E7D0EF /* canMergeEvents.swift */; };
		6C2942BE2C8AF98B00E7D0EF /* mergeArray.swift in Sources */ = {isa = PBXBuildFile; fileRef = 6C2942BD2C8AF98B00E7D0EF /* mergeArray.swift */; };
		6C3605B42C751AD300664E66 /* timelineItemsToEvents.swift in Sources */ = {isa = PBXBuildFile; fileRef = 6C3605B32C751AD300664E66 /* timelineItemsToEvents.swift */; };
		6C3605B62C751B4C00664E66 /* toUser.swift in Sources */ = {isa = PBXBuildFile; fileRef = 6C3605B52C751B4C00664E66 /* toUser.swift */; };
		6C3605B82C751B6900664E66 /* toRepository.swift in Sources */ = {isa = PBXBuildFile; fileRef = 6C3605B72C751B6900664E66 /* toRepository.swift */; };
		6C3F26B22CB40638007FFB25 /* HoverableLink.swift in Sources */ = {isa = PBXBuildFile; fileRef = 6C3F26B12CB40631007FFB25 /* HoverableLink.swift */; };
		6C3F26B92CB47467007FFB25 /* LaunchAtLogin in Frameworks */ = {isa = PBXBuildFile; productRef = 6C3F26B82CB47467007FFB25 /* LaunchAtLogin */; };
		6C45077D2C7686C3008EA76D /* ResourceIcon.swift in Sources */ = {isa = PBXBuildFile; fileRef = 6C45077C2C7686C3008EA76D /* ResourceIcon.swift */; };
		6C50F4362C0486BA008F5B66 /* NotificationDto.swift in Sources */ = {isa = PBXBuildFile; fileRef = 6C50F4352C0486BA008F5B66 /* NotificationDto.swift */; };
		6C50F4382C04C590008F5B66 /* Notification.swift in Sources */ = {isa = PBXBuildFile; fileRef = 6C50F4372C04C590008F5B66 /* Notification.swift */; };
		6C50F43A2C04C830008F5B66 /* toNotifications.swift in Sources */ = {isa = PBXBuildFile; fileRef = 6C50F4392C04C830008F5B66 /* toNotifications.swift */; };
		6C5DB5402C7D0EB6004654E4 /* PullRequestHeaderView.swift in Sources */ = {isa = PBXBuildFile; fileRef = 6C5DB53F2C7D0EB6004654E4 /* PullRequestHeaderView.swift */; };
		6C5DB5442C7D12F1004654E4 /* PullRequestContentView.swift in Sources */ = {isa = PBXBuildFile; fileRef = 6C5DB5432C7D12F0004654E4 /* PullRequestContentView.swift */; };
		6C5FBDED2C6AA3E200620B7A /* WelcomeView.swift in Sources */ = {isa = PBXBuildFile; fileRef = 6C5FBDEC2C6AA3E200620B7A /* WelcomeView.swift */; };
		6C5FBDF12C6B3C9D00620B7A /* HelpTextField.swift in Sources */ = {isa = PBXBuildFile; fileRef = 6C5FBDF02C6B3C9D00620B7A /* HelpTextField.swift */; };
		6C5FBDF42C6B41C100620B7A /* ConnectionSettingsView.swift in Sources */ = {isa = PBXBuildFile; fileRef = 6C5FBDF32C6B41C100620B7A /* ConnectionSettingsView.swift */; };
		6C66CF3B2C88455B0060F290 /* ViewerQuery.swift in Sources */ = {isa = PBXBuildFile; fileRef = 6C66CF3A2C88455B0060F290 /* ViewerQuery.swift */; };
		6C66CF3D2C8845A00060F290 /* GitHubGraphQLError.swift in Sources */ = {isa = PBXBuildFile; fileRef = 6C66CF3C2C8845A00060F290 /* GitHubGraphQLError.swift */; };
		6C66CF3F2C889AFC0060F290 /* Viewer.swift in Sources */ = {isa = PBXBuildFile; fileRef = 6C66CF3E2C889AFC0060F290 /* Viewer.swift */; };
		6C66CF412C889B810060F290 /* Scope.swift in Sources */ = {isa = PBXBuildFile; fileRef = 6C66CF402C889B810060F290 /* Scope.swift */; };
		6C66CF432C889B980060F290 /* AppError.swift in Sources */ = {isa = PBXBuildFile; fileRef = 6C66CF422C889B980060F290 /* AppError.swift */; };
		6C66CF452C889C1F0060F290 /* toViewer.swift in Sources */ = {isa = PBXBuildFile; fileRef = 6C66CF442C889C1F0060F290 /* toViewer.swift */; };
		6C7C4CA12C071A0400B9B4DA /* LinkHeaderParser in Frameworks */ = {isa = PBXBuildFile; productRef = 6C7C4CA02C071A0400B9B4DA /* LinkHeaderParser */; };
		6C7C4CA32C087A9900B9B4DA /* IfStringInterpolation.swift in Sources */ = {isa = PBXBuildFile; fileRef = 6C7C4CA22C087A9900B9B4DA /* IfStringInterpolation.swift */; };
		6CB027262BFF817E00C4C3B1 /* PReekApp.swift in Sources */ = {isa = PBXBuildFile; fileRef = 6CB027252BFF817E00C4C3B1 /* PReekApp.swift */; };
		6CB0272A2BFF818000C4C3B1 /* Assets.xcassets in Resources */ = {isa = PBXBuildFile; fileRef = 6CB027292BFF818000C4C3B1 /* Assets.xcassets */; };
		6CB720392C7091D00067CA1D /* Commit.swift in Sources */ = {isa = PBXBuildFile; fileRef = 6CB720382C7091D00067CA1D /* Commit.swift */; };
		6CB7203B2C7096520067CA1D /* CommitsView.swift in Sources */ = {isa = PBXBuildFile; fileRef = 6CB7203A2C7096520067CA1D /* CommitsView.swift */; };
		6CB7203E2C70ED840067CA1D /* MarkdownUI in Frameworks */ = {isa = PBXBuildFile; productRef = 6CB7203D2C70ED840067CA1D /* MarkdownUI */; };
		6CB720402C70F8630067CA1D /* ClippedMarkdownView.swift in Sources */ = {isa = PBXBuildFile; fileRef = 6CB7203F2C70F8630067CA1D /* ClippedMarkdownView.swift */; };
		6CB720422C7238030067CA1D /* EventDataView.swift in Sources */ = {isa = PBXBuildFile; fileRef = 6CB720412C7238030067CA1D /* EventDataView.swift */; };
		6CB720442C7239FF0067CA1D /* CommentsView.swift in Sources */ = {isa = PBXBuildFile; fileRef = 6CB720432C7239FF0067CA1D /* CommentsView.swift */; };
		6CB720462C725FA70067CA1D /* ExportOptions.plist in Resources */ = {isa = PBXBuildFile; fileRef = 6CB720452C725FA70067CA1D /* ExportOptions.plist */; };
		6CDC9F9E2C75278A005FAFFD /* reviewThreadsCommentsToEvents.swift in Sources */ = {isa = PBXBuildFile; fileRef = 6CDC9F9D2C75278A005FAFFD /* reviewThreadsCommentsToEvents.swift */; };
		6CDC9FA02C752A04005FAFFD /* toOptionalUrl.swift in Sources */ = {isa = PBXBuildFile; fileRef = 6CDC9F9F2C752A04005FAFFD /* toOptionalUrl.swift */; };
		6CDC9FA22C752B55005FAFFD /* Comment.swift in Sources */ = {isa = PBXBuildFile; fileRef = 6CDC9FA12C752B55005FAFFD /* Comment.swift */; };
		6CDC9FA42C752E31005FAFFD /* toComment.swift in Sources */ = {isa = PBXBuildFile; fileRef = 6CDC9FA32C752E31005FAFFD /* toComment.swift */; };
		6CDC9FAD2C75C8C5005FAFFD /* .gitignore in Resources */ = {isa = PBXBuildFile; fileRef = 6CDC9FAA2C75C8C4005FAFFD /* .gitignore */; };
		6CDC9FAE2C75C8C5005FAFFD /* .swift-version in Resources */ = {isa = PBXBuildFile; fileRef = 6CDC9FAB2C75C8C5005FAFFD /* .swift-version */; };
		6CDC9FAF2C75C8C5005FAFFD /* renovate.json in Resources */ = {isa = PBXBuildFile; fileRef = 6CDC9FAC2C75C8C5005FAFFD /* renovate.json */; };
		6CDC9FB12C75C8FB005FAFFD /* .swiftformat in Resources */ = {isa = PBXBuildFile; fileRef = 6CDC9FB02C75C8FB005FAFFD /* .swiftformat */; };
		6CE096A42C81D5C8002CDFC8 /* ExcludedUsersTable.swift in Sources */ = {isa = PBXBuildFile; fileRef = 6CE096A32C81D5C8002CDFC8 /* ExcludedUsersTable.swift */; };
		6CE0CE6C2C40FF5D00ECF4FA /* MenuBarExtraAccess in Frameworks */ = {isa = PBXBuildFile; productRef = 6CE0CE6B2C40FF5D00ECF4FA /* MenuBarExtraAccess */; };
		6CE563F72BFFAD3E008E9A4B /* ContentView.swift in Sources */ = {isa = PBXBuildFile; fileRef = 6CE563F62BFFAD3E008E9A4B /* ContentView.swift */; };
		6CE563F92BFFDC8F008E9A4B /* PullRequestView.swift in Sources */ = {isa = PBXBuildFile; fileRef = 6CE563F82BFFDC8F008E9A4B /* PullRequestView.swift */; };
		6CE563FB2C00862E008E9A4B /* DividedView.swift in Sources */ = {isa = PBXBuildFile; fileRef = 6CE563FA2C00862E008E9A4B /* DividedView.swift */; };
		6CE563FE2C008D9A008E9A4B /* PullRequest.swift in Sources */ = {isa = PBXBuildFile; fileRef = 6CE563FD2C008D9A008E9A4B /* PullRequest.swift */; };
		6CE564002C008DDC008E9A4B /* Event.swift in Sources */ = {isa = PBXBuildFile; fileRef = 6CE563FF2C008DDC008E9A4B /* Event.swift */; };
		6CE564022C0090BD008E9A4B /* EventView.swift in Sources */ = {isa = PBXBuildFile; fileRef = 6CE564012C0090BD008E9A4B /* EventView.swift */; };
		6CE564102C00FD22008E9A4B /* GitHubService.swift in Sources */ = {isa = PBXBuildFile; fileRef = 6CE5640F2C00FD22008E9A4B /* GitHubService.swift */; };
		6CE564122C01068A008E9A4B /* PullRequestsQuery.swift in Sources */ = {isa = PBXBuildFile; fileRef = 6CE564112C01068A008E9A4B /* PullRequestsQuery.swift */; };
		6CE564142C0119CF008E9A4B /* PullRequestDto.swift in Sources */ = {isa = PBXBuildFile; fileRef = 6CE564132C0119CF008E9A4B /* PullRequestDto.swift */; };
		6CE564162C011BAE008E9A4B /* toPullRequests.swift in Sources */ = {isa = PBXBuildFile; fileRef = 6CE564152C011BAE008E9A4B /* toPullRequests.swift */; };
		6CE5641A2C013529008E9A4B /* PullRequestsViewModel.swift in Sources */ = {isa = PBXBuildFile; fileRef = 6CE564192C013529008E9A4B /* PullRequestsViewModel.swift */; };
		6CE5641C2C037996008E9A4B /* StatusBarView.swift in Sources */ = {isa = PBXBuildFile; fileRef = 6CE5641B2C037996008E9A4B /* StatusBarView.swift */; };
		6CF15A522C038F9400A7CE3E /* PullRequestsView.swift in Sources */ = {isa = PBXBuildFile; fileRef = 6CF15A512C038F9400A7CE3E /* PullRequestsView.swift */; };
		6CF15A542C03909900A7CE3E /* SettingsView.swift in Sources */ = {isa = PBXBuildFile; fileRef = 6CF15A532C03909900A7CE3E /* SettingsView.swift */; };
/* End PBXBuildFile section */

/* Begin PBXContainerItemProxy section */
		6C1CB6D22C920E2E00305288 /* PBXContainerItemProxy */ = {
			isa = PBXContainerItemProxy;
			containerPortal = 6CB0271A2BFF817E00C4C3B1 /* Project object */;
			proxyType = 1;
			remoteGlobalIDString = 6CB027212BFF817E00C4C3B1;
			remoteInfo = PReek;
		};
/* End PBXContainerItemProxy section */

/* Begin PBXFileReference section */
		6C043E4F2C68DE6D00DEBF35 /* README.md */ = {isa = PBXFileReference; fileEncoding = 4; lastKnownFileType = net.daringfireball.markdown; path = README.md; sourceTree = "<group>"; };
		6C043E512C68DE9C00DEBF35 /* .github */ = {isa = PBXFileReference; lastKnownFileType = folder; path = .github; sourceTree = "<group>"; };
		6C19E97B2C68AE130035845C /* Localizable.xcstrings */ = {isa = PBXFileReference; lastKnownFileType = text.json.xcstrings; path = Localizable.xcstrings; sourceTree = "<group>"; };
		6C1CB6CE2C920E2E00305288 /* PReekTests.xctest */ = {isa = PBXFileReference; explicitFileType = wrapper.cfbundle; includeInIndex = 0; path = PReekTests.xctest; sourceTree = BUILT_PRODUCTS_DIR; };
		6C1CB6F02C921C8E00305288 /* CaseIterableDefaultsLast.swift */ = {isa = PBXFileReference; lastKnownFileType = sourcecode.swift; path = CaseIterableDefaultsLast.swift; sourceTree = "<group>"; };
		6C1CB6F32C921CAF00305288 /* CodableAppStorage.swift */ = {isa = PBXFileReference; lastKnownFileType = sourcecode.swift; path = CodableAppStorage.swift; sourceTree = "<group>"; };
		6C1CB6F62C921CCF00305288 /* IfView.swift */ = {isa = PBXFileReference; lastKnownFileType = sourcecode.swift; path = IfView.swift; sourceTree = "<group>"; };
		6C1CB6FC2C92342F00305288 /* RevealSecureField.swift */ = {isa = PBXFileReference; lastKnownFileType = sourcecode.swift; path = RevealSecureField.swift; sourceTree = "<group>"; };
		6C232DEA2C08C95E00C003B1 /* ConfigViewModel.swift */ = {isa = PBXFileReference; lastKnownFileType = sourcecode.swift; path = ConfigViewModel.swift; sourceTree = "<group>"; };
		6C232DEC2C08CB9600C003B1 /* KeychainStorage.swift */ = {isa = PBXFileReference; lastKnownFileType = sourcecode.swift; path = KeychainStorage.swift; sourceTree = "<group>"; };
		6C232DEE2C08F6C600C003B1 /* ConfigService.swift */ = {isa = PBXFileReference; lastKnownFileType = sourcecode.swift; path = ConfigService.swift; sourceTree = "<group>"; };
		6C232DF42C3F174A00C003B1 /* User.swift */ = {isa = PBXFileReference; lastKnownFileType = sourcecode.swift; path = User.swift; sourceTree = "<group>"; };
		6C232DF62C3F1ACA00C003B1 /* Repository.swift */ = {isa = PBXFileReference; lastKnownFileType = sourcecode.swift; path = Repository.swift; sourceTree = "<group>"; };
		6C2942B92C89A67B00E7D0EF /* BulletPoint.swift */ = {isa = PBXFileReference; lastKnownFileType = sourcecode.swift; path = BulletPoint.swift; sourceTree = "<group>"; };
		6C2942BB2C8AF35700E7D0EF /* canMergeEvents.swift */ = {isa = PBXFileReference; lastKnownFileType = sourcecode.swift; path = canMergeEvents.swift; sourceTree = "<group>"; };
		6C2942BD2C8AF98B00E7D0EF /* mergeArray.swift */ = {isa = PBXFileReference; lastKnownFileType = sourcecode.swift; path = mergeArray.swift; sourceTree = "<group>"; };
		6C3605B32C751AD300664E66 /* timelineItemsToEvents.swift */ = {isa = PBXFileReference; lastKnownFileType = sourcecode.swift; path = timelineItemsToEvents.swift; sourceTree = "<group>"; };
		6C3605B52C751B4C00664E66 /* toUser.swift */ = {isa = PBXFileReference; lastKnownFileType = sourcecode.swift; path = toUser.swift; sourceTree = "<group>"; };
		6C3605B72C751B6900664E66 /* toRepository.swift */ = {isa = PBXFileReference; lastKnownFileType = sourcecode.swift; path = toRepository.swift; sourceTree = "<group>"; };
		6C3F26B12CB40631007FFB25 /* HoverableLink.swift */ = {isa = PBXFileReference; lastKnownFileType = sourcecode.swift; path = HoverableLink.swift; sourceTree = "<group>"; };
		6C45077C2C7686C3008EA76D /* ResourceIcon.swift */ = {isa = PBXFileReference; lastKnownFileType = sourcecode.swift; path = ResourceIcon.swift; sourceTree = "<group>"; };
		6C50F4352C0486BA008F5B66 /* NotificationDto.swift */ = {isa = PBXFileReference; lastKnownFileType = sourcecode.swift; path = NotificationDto.swift; sourceTree = "<group>"; };
		6C50F4372C04C590008F5B66 /* Notification.swift */ = {isa = PBXFileReference; lastKnownFileType = sourcecode.swift; path = Notification.swift; sourceTree = "<group>"; };
		6C50F4392C04C830008F5B66 /* toNotifications.swift */ = {isa = PBXFileReference; lastKnownFileType = sourcecode.swift; path = toNotifications.swift; sourceTree = "<group>"; };
		6C5DB53F2C7D0EB6004654E4 /* PullRequestHeaderView.swift */ = {isa = PBXFileReference; lastKnownFileType = sourcecode.swift; path = PullRequestHeaderView.swift; sourceTree = "<group>"; };
		6C5DB5432C7D12F0004654E4 /* PullRequestContentView.swift */ = {isa = PBXFileReference; lastKnownFileType = sourcecode.swift; path = PullRequestContentView.swift; sourceTree = "<group>"; };
		6C5FBDEC2C6AA3E200620B7A /* WelcomeView.swift */ = {isa = PBXFileReference; lastKnownFileType = sourcecode.swift; path = WelcomeView.swift; sourceTree = "<group>"; };
		6C5FBDF02C6B3C9D00620B7A /* HelpTextField.swift */ = {isa = PBXFileReference; lastKnownFileType = sourcecode.swift; path = HelpTextField.swift; sourceTree = "<group>"; };
		6C5FBDF32C6B41C100620B7A /* ConnectionSettingsView.swift */ = {isa = PBXFileReference; lastKnownFileType = sourcecode.swift; path = ConnectionSettingsView.swift; sourceTree = "<group>"; };
		6C66CF3A2C88455B0060F290 /* ViewerQuery.swift */ = {isa = PBXFileReference; lastKnownFileType = sourcecode.swift; path = ViewerQuery.swift; sourceTree = "<group>"; };
		6C66CF3C2C8845A00060F290 /* GitHubGraphQLError.swift */ = {isa = PBXFileReference; lastKnownFileType = sourcecode.swift; path = GitHubGraphQLError.swift; sourceTree = "<group>"; };
		6C66CF3E2C889AFC0060F290 /* Viewer.swift */ = {isa = PBXFileReference; lastKnownFileType = sourcecode.swift; path = Viewer.swift; sourceTree = "<group>"; };
		6C66CF402C889B810060F290 /* Scope.swift */ = {isa = PBXFileReference; lastKnownFileType = sourcecode.swift; path = Scope.swift; sourceTree = "<group>"; };
		6C66CF422C889B980060F290 /* AppError.swift */ = {isa = PBXFileReference; lastKnownFileType = sourcecode.swift; path = AppError.swift; sourceTree = "<group>"; };
		6C66CF442C889C1F0060F290 /* toViewer.swift */ = {isa = PBXFileReference; lastKnownFileType = sourcecode.swift; path = toViewer.swift; sourceTree = "<group>"; };
		6C7C4CA22C087A9900B9B4DA /* IfStringInterpolation.swift */ = {isa = PBXFileReference; lastKnownFileType = sourcecode.swift; path = IfStringInterpolation.swift; sourceTree = "<group>"; };
		6CB027222BFF817E00C4C3B1 /* PReek.app */ = {isa = PBXFileReference; explicitFileType = wrapper.application; includeInIndex = 0; path = PReek.app; sourceTree = BUILT_PRODUCTS_DIR; };
		6CB027252BFF817E00C4C3B1 /* PReekApp.swift */ = {isa = PBXFileReference; lastKnownFileType = sourcecode.swift; path = PReekApp.swift; sourceTree = "<group>"; };
		6CB027292BFF818000C4C3B1 /* Assets.xcassets */ = {isa = PBXFileReference; lastKnownFileType = folder.assetcatalog; path = Assets.xcassets; sourceTree = "<group>"; };
		6CB0272E2BFF818000C4C3B1 /* PReek.entitlements */ = {isa = PBXFileReference; lastKnownFileType = text.plist.entitlements; path = PReek.entitlements; sourceTree = "<group>"; };
		6CB720382C7091D00067CA1D /* Commit.swift */ = {isa = PBXFileReference; lastKnownFileType = sourcecode.swift; path = Commit.swift; sourceTree = "<group>"; };
		6CB7203A2C7096520067CA1D /* CommitsView.swift */ = {isa = PBXFileReference; lastKnownFileType = sourcecode.swift; path = CommitsView.swift; sourceTree = "<group>"; };
		6CB7203F2C70F8630067CA1D /* ClippedMarkdownView.swift */ = {isa = PBXFileReference; lastKnownFileType = sourcecode.swift; path = ClippedMarkdownView.swift; sourceTree = "<group>"; };
		6CB720412C7238030067CA1D /* EventDataView.swift */ = {isa = PBXFileReference; lastKnownFileType = sourcecode.swift; path = EventDataView.swift; sourceTree = "<group>"; };
		6CB720432C7239FF0067CA1D /* CommentsView.swift */ = {isa = PBXFileReference; lastKnownFileType = sourcecode.swift; path = CommentsView.swift; sourceTree = "<group>"; };
		6CB720452C725FA70067CA1D /* ExportOptions.plist */ = {isa = PBXFileReference; lastKnownFileType = text.plist.xml; path = ExportOptions.plist; sourceTree = "<group>"; };
		6CDC9F9D2C75278A005FAFFD /* reviewThreadsCommentsToEvents.swift */ = {isa = PBXFileReference; lastKnownFileType = sourcecode.swift; path = reviewThreadsCommentsToEvents.swift; sourceTree = "<group>"; };
		6CDC9F9F2C752A04005FAFFD /* toOptionalUrl.swift */ = {isa = PBXFileReference; lastKnownFileType = sourcecode.swift; path = toOptionalUrl.swift; sourceTree = "<group>"; };
		6CDC9FA12C752B55005FAFFD /* Comment.swift */ = {isa = PBXFileReference; lastKnownFileType = sourcecode.swift; path = Comment.swift; sourceTree = "<group>"; };
		6CDC9FA32C752E31005FAFFD /* toComment.swift */ = {isa = PBXFileReference; lastKnownFileType = sourcecode.swift; path = toComment.swift; sourceTree = "<group>"; };
		6CDC9FAA2C75C8C4005FAFFD /* .gitignore */ = {isa = PBXFileReference; fileEncoding = 4; lastKnownFileType = text; path = .gitignore; sourceTree = "<group>"; };
		6CDC9FAB2C75C8C5005FAFFD /* .swift-version */ = {isa = PBXFileReference; fileEncoding = 4; lastKnownFileType = text; path = ".swift-version"; sourceTree = "<group>"; };
		6CDC9FAC2C75C8C5005FAFFD /* renovate.json */ = {isa = PBXFileReference; fileEncoding = 4; lastKnownFileType = text.json; path = renovate.json; sourceTree = "<group>"; };
		6CDC9FB02C75C8FB005FAFFD /* .swiftformat */ = {isa = PBXFileReference; lastKnownFileType = text; path = .swiftformat; sourceTree = "<group>"; };
		6CE096A32C81D5C8002CDFC8 /* ExcludedUsersTable.swift */ = {isa = PBXFileReference; lastKnownFileType = sourcecode.swift; path = ExcludedUsersTable.swift; sourceTree = "<group>"; };
		6CE563F62BFFAD3E008E9A4B /* ContentView.swift */ = {isa = PBXFileReference; lastKnownFileType = sourcecode.swift; path = ContentView.swift; sourceTree = "<group>"; };
		6CE563F82BFFDC8F008E9A4B /* PullRequestView.swift */ = {isa = PBXFileReference; lastKnownFileType = sourcecode.swift; path = PullRequestView.swift; sourceTree = "<group>"; };
		6CE563FA2C00862E008E9A4B /* DividedView.swift */ = {isa = PBXFileReference; lastKnownFileType = sourcecode.swift; path = DividedView.swift; sourceTree = "<group>"; };
		6CE563FD2C008D9A008E9A4B /* PullRequest.swift */ = {isa = PBXFileReference; lastKnownFileType = sourcecode.swift; path = PullRequest.swift; sourceTree = "<group>"; };
		6CE563FF2C008DDC008E9A4B /* Event.swift */ = {isa = PBXFileReference; lastKnownFileType = sourcecode.swift; path = Event.swift; sourceTree = "<group>"; };
		6CE564012C0090BD008E9A4B /* EventView.swift */ = {isa = PBXFileReference; lastKnownFileType = sourcecode.swift; path = EventView.swift; sourceTree = "<group>"; };
		6CE5640F2C00FD22008E9A4B /* GitHubService.swift */ = {isa = PBXFileReference; lastKnownFileType = sourcecode.swift; path = GitHubService.swift; sourceTree = "<group>"; };
		6CE564112C01068A008E9A4B /* PullRequestsQuery.swift */ = {isa = PBXFileReference; lastKnownFileType = sourcecode.swift; path = PullRequestsQuery.swift; sourceTree = "<group>"; };
		6CE564132C0119CF008E9A4B /* PullRequestDto.swift */ = {isa = PBXFileReference; lastKnownFileType = sourcecode.swift; path = PullRequestDto.swift; sourceTree = "<group>"; };
		6CE564152C011BAE008E9A4B /* toPullRequests.swift */ = {isa = PBXFileReference; lastKnownFileType = sourcecode.swift; path = toPullRequests.swift; sourceTree = "<group>"; };
		6CE564192C013529008E9A4B /* PullRequestsViewModel.swift */ = {isa = PBXFileReference; lastKnownFileType = sourcecode.swift; path = PullRequestsViewModel.swift; sourceTree = "<group>"; };
		6CE5641B2C037996008E9A4B /* StatusBarView.swift */ = {isa = PBXFileReference; lastKnownFileType = sourcecode.swift; path = StatusBarView.swift; sourceTree = "<group>"; };
		6CF15A512C038F9400A7CE3E /* PullRequestsView.swift */ = {isa = PBXFileReference; lastKnownFileType = sourcecode.swift; path = PullRequestsView.swift; sourceTree = "<group>"; };
		6CF15A532C03909900A7CE3E /* SettingsView.swift */ = {isa = PBXFileReference; lastKnownFileType = sourcecode.swift; path = SettingsView.swift; sourceTree = "<group>"; };
/* End PBXFileReference section */

/* Begin PBXFileSystemSynchronizedRootGroup section */
		6C1CB6CF2C920E2E00305288 /* PReekTests */ = {
			isa = PBXFileSystemSynchronizedRootGroup;
			path = PReekTests;
			sourceTree = "<group>";
		};
/* End PBXFileSystemSynchronizedRootGroup section */

/* Begin PBXFrameworksBuildPhase section */
		6C1CB6CB2C920E2E00305288 /* Frameworks */ = {
			isa = PBXFrameworksBuildPhase;
			buildActionMask = 2147483647;
			files = (
				6C1CB6FB2C921D6500305288 /* MarkdownUI in Frameworks */,
			);
			runOnlyForDeploymentPostprocessing = 0;
		};
		6CB0271F2BFF817E00C4C3B1 /* Frameworks */ = {
			isa = PBXFrameworksBuildPhase;
			buildActionMask = 2147483647;
			files = (
				6C232DE72C08C51D00C003B1 /* KeychainAccess in Frameworks */,
				6CE0CE6C2C40FF5D00ECF4FA /* MenuBarExtraAccess in Frameworks */,
				6C7C4CA12C071A0400B9B4DA /* LinkHeaderParser in Frameworks */,
				6C3F26B92CB47467007FFB25 /* LaunchAtLogin in Frameworks */,
				6CB7203E2C70ED840067CA1D /* MarkdownUI in Frameworks */,
			);
			runOnlyForDeploymentPostprocessing = 0;
		};
/* End PBXFrameworksBuildPhase section */

/* Begin PBXGroup section */
		6C3605B92C751BA400664E66 /* DtoModelMapper */ = {
			isa = PBXGroup;
			children = (
				6C50F4392C04C830008F5B66 /* toNotifications.swift */,
				6CE564152C011BAE008E9A4B /* toPullRequests.swift */,
				6C3605B32C751AD300664E66 /* timelineItemsToEvents.swift */,
				6C3605B52C751B4C00664E66 /* toUser.swift */,
				6C3605B72C751B6900664E66 /* toRepository.swift */,
				6CDC9F9D2C75278A005FAFFD /* reviewThreadsCommentsToEvents.swift */,
				6CDC9F9F2C752A04005FAFFD /* toOptionalUrl.swift */,
				6CDC9FA32C752E31005FAFFD /* toComment.swift */,
				6C66CF442C889C1F0060F290 /* toViewer.swift */,
				6C2942BB2C8AF35700E7D0EF /* canMergeEvents.swift */,
			);
			path = DtoModelMapper;
			sourceTree = "<group>";
		};
		6C5FBDEE2C6B3C5800620B7A /* PullRequestViews */ = {
			isa = PBXGroup;
			children = (
				6CF15A512C038F9400A7CE3E /* PullRequestsView.swift */,
				6CE563F82BFFDC8F008E9A4B /* PullRequestView.swift */,
				6C5DB53F2C7D0EB6004654E4 /* PullRequestHeaderView.swift */,
				6C5DB5432C7D12F0004654E4 /* PullRequestContentView.swift */,
				6CE564012C0090BD008E9A4B /* EventView.swift */,
				6CB720412C7238030067CA1D /* EventDataView.swift */,
				6CB7203A2C7096520067CA1D /* CommitsView.swift */,
				6CB720432C7239FF0067CA1D /* CommentsView.swift */,
			);
			path = PullRequestViews;
			sourceTree = "<group>";
		};
		6C5FBDEF2C6B3C6F00620B7A /* UtilityViews */ = {
			isa = PBXGroup;
			children = (
				6C3F26B12CB40631007FFB25 /* HoverableLink.swift */,
				6C1CB6FC2C92342F00305288 /* RevealSecureField.swift */,
				6C5FBDF02C6B3C9D00620B7A /* HelpTextField.swift */,
				6CE563FA2C00862E008E9A4B /* DividedView.swift */,
				6CB7203F2C70F8630067CA1D /* ClippedMarkdownView.swift */,
				6C45077C2C7686C3008EA76D /* ResourceIcon.swift */,
				6C2942B92C89A67B00E7D0EF /* BulletPoint.swift */,
			);
			path = UtilityViews;
			sourceTree = "<group>";
		};
		6C5FBDF22C6B41A600620B7A /* SettingsViews */ = {
			isa = PBXGroup;
			children = (
				6CF15A532C03909900A7CE3E /* SettingsView.swift */,
				6C5FBDF32C6B41C100620B7A /* ConnectionSettingsView.swift */,
				6CE096A32C81D5C8002CDFC8 /* ExcludedUsersTable.swift */,
			);
			path = SettingsViews;
			sourceTree = "<group>";
		};
		6CB027192BFF817E00C4C3B1 = {
			isa = PBXGroup;
			children = (
				6C043E512C68DE9C00DEBF35 /* .github */,
				6CB027242BFF817E00C4C3B1 /* PReek */,
				6C1CB6CF2C920E2E00305288 /* PReekTests */,
				6CDC9FAA2C75C8C4005FAFFD /* .gitignore */,
				6CDC9FB02C75C8FB005FAFFD /* .swiftformat */,
				6CDC9FAB2C75C8C5005FAFFD /* .swift-version */,
				6CDC9FAC2C75C8C5005FAFFD /* renovate.json */,
				6C043E4F2C68DE6D00DEBF35 /* README.md */,
				6C19E97B2C68AE130035845C /* Localizable.xcstrings */,
				6CB720452C725FA70067CA1D /* ExportOptions.plist */,
				6CB027232BFF817E00C4C3B1 /* Products */,
			);
			sourceTree = "<group>";
		};
		6CB027232BFF817E00C4C3B1 /* Products */ = {
			isa = PBXGroup;
			children = (
				6CB027222BFF817E00C4C3B1 /* PReek.app */,
				6C1CB6CE2C920E2E00305288 /* PReekTests.xctest */,
			);
			name = Products;
			sourceTree = "<group>";
		};
		6CB027242BFF817E00C4C3B1 /* PReek */ = {
			isa = PBXGroup;
			children = (
				6CE563FC2C008D78008E9A4B /* Models */,
				6CE564182C013519008E9A4B /* ViewModel */,
				6CE564172C013117008E9A4B /* Views */,
				6CE5640E2C00FD01008E9A4B /* Services */,
				6CE096A22C811139002CDFC8 /* Utility */,
				6CB027252BFF817E00C4C3B1 /* PReekApp.swift */,
				6CB027292BFF818000C4C3B1 /* Assets.xcassets */,
				6CB0272E2BFF818000C4C3B1 /* PReek.entitlements */,
			);
			path = PReek;
			sourceTree = "<group>";
		};
		6CE096A22C811139002CDFC8 /* Utility */ = {
			isa = PBXGroup;
			children = (
				6C7C4CA22C087A9900B9B4DA /* IfStringInterpolation.swift */,
				6C1CB6F62C921CCF00305288 /* IfView.swift */,
				6C1CB6F32C921CAF00305288 /* CodableAppStorage.swift */,
				6C1CB6F02C921C8E00305288 /* CaseIterableDefaultsLast.swift */,
				6C232DEC2C08CB9600C003B1 /* KeychainStorage.swift */,
				6C2942BD2C8AF98B00E7D0EF /* mergeArray.swift */,
			);
			path = Utility;
			sourceTree = "<group>";
		};
		6CE563FC2C008D78008E9A4B /* Models */ = {
			isa = PBXGroup;
			children = (
				6CE563FD2C008D9A008E9A4B /* PullRequest.swift */,
				6CE563FF2C008DDC008E9A4B /* Event.swift */,
				6C50F4372C04C590008F5B66 /* Notification.swift */,
				6C232DF42C3F174A00C003B1 /* User.swift */,
				6C232DF62C3F1ACA00C003B1 /* Repository.swift */,
				6CB720382C7091D00067CA1D /* Commit.swift */,
				6CDC9FA12C752B55005FAFFD /* Comment.swift */,
				6C66CF3E2C889AFC0060F290 /* Viewer.swift */,
				6C66CF402C889B810060F290 /* Scope.swift */,
				6C66CF422C889B980060F290 /* AppError.swift */,
			);
			path = Models;
			sourceTree = "<group>";
		};
		6CE5640E2C00FD01008E9A4B /* Services */ = {
			isa = PBXGroup;
			children = (
				6C3605B92C751BA400664E66 /* DtoModelMapper */,
				6CE5640F2C00FD22008E9A4B /* GitHubService.swift */,
				6CE564112C01068A008E9A4B /* PullRequestsQuery.swift */,
				6CE564132C0119CF008E9A4B /* PullRequestDto.swift */,
				6C50F4352C0486BA008F5B66 /* NotificationDto.swift */,
				6C232DEE2C08F6C600C003B1 /* ConfigService.swift */,
				6C66CF3A2C88455B0060F290 /* ViewerQuery.swift */,
				6C66CF3C2C8845A00060F290 /* GitHubGraphQLError.swift */,
			);
			path = Services;
			sourceTree = "<group>";
		};
		6CE564172C013117008E9A4B /* Views */ = {
			isa = PBXGroup;
			children = (
				6C5FBDF22C6B41A600620B7A /* SettingsViews */,
				6C5FBDEF2C6B3C6F00620B7A /* UtilityViews */,
				6C5FBDEE2C6B3C5800620B7A /* PullRequestViews */,
				6CE563F62BFFAD3E008E9A4B /* ContentView.swift */,
				6CE5641B2C037996008E9A4B /* StatusBarView.swift */,
				6C5FBDEC2C6AA3E200620B7A /* WelcomeView.swift */,
			);
			path = Views;
			sourceTree = "<group>";
		};
		6CE564182C013519008E9A4B /* ViewModel */ = {
			isa = PBXGroup;
			children = (
				6CE564192C013529008E9A4B /* PullRequestsViewModel.swift */,
				6C232DEA2C08C95E00C003B1 /* ConfigViewModel.swift */,
			);
			path = ViewModel;
			sourceTree = "<group>";
		};
/* End PBXGroup section */

/* Begin PBXNativeTarget section */
		6C1CB6CD2C920E2E00305288 /* PReekTests */ = {
			isa = PBXNativeTarget;
			buildConfigurationList = 6C1CB6D62C920E2E00305288 /* Build configuration list for PBXNativeTarget "PReekTests" */;
			buildPhases = (
				6C1CB6CA2C920E2E00305288 /* Sources */,
				6C1CB6CB2C920E2E00305288 /* Frameworks */,
				6C1CB6CC2C920E2E00305288 /* Resources */,
			);
			buildRules = (
			);
			dependencies = (
				6C1CB6D32C920E2E00305288 /* PBXTargetDependency */,
			);
			fileSystemSynchronizedGroups = (
				6C1CB6CF2C920E2E00305288 /* PReekTests */,
			);
			name = PReekTests;
			packageProductDependencies = (
				6C1CB6FA2C921D6500305288 /* MarkdownUI */,
			);
			productName = PReekTests;
			productReference = 6C1CB6CE2C920E2E00305288 /* PReekTests.xctest */;
			productType = "com.apple.product-type.bundle.unit-test";
		};
		6CB027212BFF817E00C4C3B1 /* PReek */ = {
			isa = PBXNativeTarget;
			buildConfigurationList = 6CB027472BFF818000C4C3B1 /* Build configuration list for PBXNativeTarget "PReek" */;
			buildPhases = (
				6CB0271E2BFF817E00C4C3B1 /* Sources */,
				6CB0271F2BFF817E00C4C3B1 /* Frameworks */,
				6CB027202BFF817E00C4C3B1 /* Resources */,
			);
			buildRules = (
			);
			dependencies = (
			);
			name = PReek;
			packageProductDependencies = (
				6C7C4CA02C071A0400B9B4DA /* LinkHeaderParser */,
				6C232DE62C08C51D00C003B1 /* KeychainAccess */,
				6CE0CE6B2C40FF5D00ECF4FA /* MenuBarExtraAccess */,
				6CB7203D2C70ED840067CA1D /* MarkdownUI */,
				6C3F26B82CB47467007FFB25 /* LaunchAtLogin */,
			);
			productName = PReek;
			productReference = 6CB027222BFF817E00C4C3B1 /* PReek.app */;
			productType = "com.apple.product-type.application";
		};
/* End PBXNativeTarget section */

/* Begin PBXProject section */
		6CB0271A2BFF817E00C4C3B1 /* Project object */ = {
			isa = PBXProject;
			attributes = {
				BuildIndependentTargetsInParallel = 1;
				LastSwiftUpdateCheck = 1600;
				LastUpgradeCheck = 1540;
				TargetAttributes = {
					6C1CB6CD2C920E2E00305288 = {
						CreatedOnToolsVersion = 16.0;
					};
					6CB027212BFF817E00C4C3B1 = {
						CreatedOnToolsVersion = 15.4;
					};
				};
			};
			buildConfigurationList = 6CB0271D2BFF817E00C4C3B1 /* Build configuration list for PBXProject "PReek" */;
			developmentRegion = en;
			hasScannedForEncodings = 0;
			knownRegions = (
				en,
				Base,
				de,
			);
			mainGroup = 6CB027192BFF817E00C4C3B1;
			packageReferences = (
				6C7C4C9F2C071A0400B9B4DA /* XCRemoteSwiftPackageReference "LinkHeaderParser" */,
				6C232DE52C08C51D00C003B1 /* XCRemoteSwiftPackageReference "KeychainAccess" */,
				6CE0CE6A2C40FF5D00ECF4FA /* XCRemoteSwiftPackageReference "MenuBarExtraAccess" */,
				6CB7203C2C70ED840067CA1D /* XCRemoteSwiftPackageReference "swift-markdown-ui" */,
				6C3F26B72CB47467007FFB25 /* XCRemoteSwiftPackageReference "LaunchAtLogin-Modern" */,
			);
			preferredProjectObjectVersion = 77;
			productRefGroup = 6CB027232BFF817E00C4C3B1 /* Products */;
			projectDirPath = "";
			projectRoot = "";
			targets = (
				6CB027212BFF817E00C4C3B1 /* PReek */,
				6C1CB6CD2C920E2E00305288 /* PReekTests */,
			);
		};
/* End PBXProject section */

/* Begin PBXResourcesBuildPhase section */
		6C1CB6CC2C920E2E00305288 /* Resources */ = {
			isa = PBXResourcesBuildPhase;
			buildActionMask = 2147483647;
			files = (
			);
			runOnlyForDeploymentPostprocessing = 0;
		};
		6CB027202BFF817E00C4C3B1 /* Resources */ = {
			isa = PBXResourcesBuildPhase;
			buildActionMask = 2147483647;
			files = (
				6CB0272A2BFF818000C4C3B1 /* Assets.xcassets in Resources */,
				6CDC9FAF2C75C8C5005FAFFD /* renovate.json in Resources */,
				6CB720462C725FA70067CA1D /* ExportOptions.plist in Resources */,
				6C043E502C68DE6D00DEBF35 /* README.md in Resources */,
				6C19E97C2C68AE130035845C /* Localizable.xcstrings in Resources */,
				6CDC9FAD2C75C8C5005FAFFD /* .gitignore in Resources */,
				6C043E522C68DE9C00DEBF35 /* .github in Resources */,
				6CDC9FAE2C75C8C5005FAFFD /* .swift-version in Resources */,
				6CDC9FB12C75C8FB005FAFFD /* .swiftformat in Resources */,
			);
			runOnlyForDeploymentPostprocessing = 0;
		};
/* End PBXResourcesBuildPhase section */

/* Begin PBXSourcesBuildPhase section */
		6C1CB6CA2C920E2E00305288 /* Sources */ = {
			isa = PBXSourcesBuildPhase;
			buildActionMask = 2147483647;
			files = (
				6C1CB6EE2C921B8600305288 /* IfStringInterpolation.swift in Sources */,
				6C1CB6F12C921C9900305288 /* CaseIterableDefaultsLast.swift in Sources */,
				6C1CB6ED2C921B4600305288 /* NotificationDto.swift in Sources */,
				6C1CB6F52C921CB700305288 /* CodableAppStorage.swift in Sources */,
				6C1CB6EC2C921B2100305288 /* mergeArray.swift in Sources */,
				6C1CB6EB2C921AE500305288 /* PullRequestDto.swift in Sources */,
				6C1CB6E12C921AD400305288 /* toNotifications.swift in Sources */,
				6C1CB6E22C921AD400305288 /* toPullRequests.swift in Sources */,
				6C1CB6E32C921AD400305288 /* timelineItemsToEvents.swift in Sources */,
				6C1CB6E42C921AD400305288 /* toUser.swift in Sources */,
				6C1CB6E52C921AD400305288 /* toRepository.swift in Sources */,
				6C1CB6E62C921AD400305288 /* reviewThreadsCommentsToEvents.swift in Sources */,
				6C1CB6E72C921AD400305288 /* toOptionalUrl.swift in Sources */,
				6C1CB6E82C921AD400305288 /* toComment.swift in Sources */,
				6C1CB6E92C921AD400305288 /* toViewer.swift in Sources */,
				6C1CB6EA2C921AD400305288 /* canMergeEvents.swift in Sources */,
				6C1CB6D72C921ABD00305288 /* PullRequest.swift in Sources */,
				6C1CB6D82C921ABD00305288 /* Event.swift in Sources */,
				6C1CB6D92C921ABD00305288 /* Notification.swift in Sources */,
				6C1CB6DA2C921ABD00305288 /* User.swift in Sources */,
				6C1CB6DB2C921ABD00305288 /* Repository.swift in Sources */,
				6C1CB6DC2C921ABD00305288 /* Commit.swift in Sources */,
				6C1CB6DD2C921ABD00305288 /* Comment.swift in Sources */,
				6C1CB6DE2C921ABD00305288 /* Viewer.swift in Sources */,
				6C1CB6DF2C921ABD00305288 /* Scope.swift in Sources */,
				6C1CB6E02C921ABD00305288 /* AppError.swift in Sources */,
			);
			runOnlyForDeploymentPostprocessing = 0;
		};
		6CB0271E2BFF817E00C4C3B1 /* Sources */ = {
			isa = PBXSourcesBuildPhase;
			buildActionMask = 2147483647;
			files = (
				6C66CF3F2C889AFC0060F290 /* Viewer.swift in Sources */,
				6CDC9FA42C752E31005FAFFD /* toComment.swift in Sources */,
				6C2942BC2C8AF35700E7D0EF /* canMergeEvents.swift in Sources */,
				6CF15A542C03909900A7CE3E /* SettingsView.swift in Sources */,
				6CE564102C00FD22008E9A4B /* GitHubService.swift in Sources */,
				6CF15A522C038F9400A7CE3E /* PullRequestsView.swift in Sources */,
				6C50F43A2C04C830008F5B66 /* toNotifications.swift in Sources */,
				6C5FBDED2C6AA3E200620B7A /* WelcomeView.swift in Sources */,
				6CE564122C01068A008E9A4B /* PullRequestsQuery.swift in Sources */,
				6C1CB6F72C921CD100305288 /* IfView.swift in Sources */,
				6C66CF452C889C1F0060F290 /* toViewer.swift in Sources */,
				6C66CF3D2C8845A00060F290 /* GitHubGraphQLError.swift in Sources */,
				6C1CB6F42C921CB700305288 /* CodableAppStorage.swift in Sources */,
				6CE563FB2C00862E008E9A4B /* DividedView.swift in Sources */,
				6C232DEB2C08C95E00C003B1 /* ConfigViewModel.swift in Sources */,
				6C1CB6F22C921C9900305288 /* CaseIterableDefaultsLast.swift in Sources */,
				6C45077D2C7686C3008EA76D /* ResourceIcon.swift in Sources */,
				6CE096A42C81D5C8002CDFC8 /* ExcludedUsersTable.swift in Sources */,
				6C7C4CA32C087A9900B9B4DA /* IfStringInterpolation.swift in Sources */,
				6CB720442C7239FF0067CA1D /* CommentsView.swift in Sources */,
				6CE564162C011BAE008E9A4B /* toPullRequests.swift in Sources */,
				6C66CF412C889B810060F290 /* Scope.swift in Sources */,
				6CE564002C008DDC008E9A4B /* Event.swift in Sources */,
				6C5DB5402C7D0EB6004654E4 /* PullRequestHeaderView.swift in Sources */,
				6C2942BA2C89A67B00E7D0EF /* BulletPoint.swift in Sources */,
				6CB720392C7091D00067CA1D /* Commit.swift in Sources */,
				6CDC9F9E2C75278A005FAFFD /* reviewThreadsCommentsToEvents.swift in Sources */,
				6C66CF3B2C88455B0060F290 /* ViewerQuery.swift in Sources */,
				6CE5641C2C037996008E9A4B /* StatusBarView.swift in Sources */,
				6C1CB6FD2C92344200305288 /* RevealSecureField.swift in Sources */,
				6CB7203B2C7096520067CA1D /* CommitsView.swift in Sources */,
				6C3F26B22CB40638007FFB25 /* HoverableLink.swift in Sources */,
				6C232DF72C3F1ACA00C003B1 /* Repository.swift in Sources */,
				6C232DED2C08CB9600C003B1 /* KeychainStorage.swift in Sources */,
				6CE5641A2C013529008E9A4B /* PullRequestsViewModel.swift in Sources */,
				6C232DEF2C08F6C600C003B1 /* ConfigService.swift in Sources */,
				6C5FBDF12C6B3C9D00620B7A /* HelpTextField.swift in Sources */,
				6CE563F92BFFDC8F008E9A4B /* PullRequestView.swift in Sources */,
				6CDC9FA02C752A04005FAFFD /* toOptionalUrl.swift in Sources */,
				6C3605B42C751AD300664E66 /* timelineItemsToEvents.swift in Sources */,
				6C50F4362C0486BA008F5B66 /* NotificationDto.swift in Sources */,
				6CB720402C70F8630067CA1D /* ClippedMarkdownView.swift in Sources */,
				6CB720422C7238030067CA1D /* EventDataView.swift in Sources */,
				6CE563F72BFFAD3E008E9A4B /* ContentView.swift in Sources */,
				6CE564022C0090BD008E9A4B /* EventView.swift in Sources */,
				6CE563FE2C008D9A008E9A4B /* PullRequest.swift in Sources */,
				6C3605B82C751B6900664E66 /* toRepository.swift in Sources */,
				6CB027262BFF817E00C4C3B1 /* PReekApp.swift in Sources */,
				6C5FBDF42C6B41C100620B7A /* ConnectionSettingsView.swift in Sources */,
				6C2942BE2C8AF98B00E7D0EF /* mergeArray.swift in Sources */,
				6CDC9FA22C752B55005FAFFD /* Comment.swift in Sources */,
				6CE564142C0119CF008E9A4B /* PullRequestDto.swift in Sources */,
				6C50F4382C04C590008F5B66 /* Notification.swift in Sources */,
				6C232DF52C3F174A00C003B1 /* User.swift in Sources */,
				6C3605B62C751B4C00664E66 /* toUser.swift in Sources */,
				6C66CF432C889B980060F290 /* AppError.swift in Sources */,
				6C5DB5442C7D12F1004654E4 /* PullRequestContentView.swift in Sources */,
			);
			runOnlyForDeploymentPostprocessing = 0;
		};
/* End PBXSourcesBuildPhase section */

/* Begin PBXTargetDependency section */
		6C1CB6D32C920E2E00305288 /* PBXTargetDependency */ = {
			isa = PBXTargetDependency;
			target = 6CB027212BFF817E00C4C3B1 /* PReek */;
			targetProxy = 6C1CB6D22C920E2E00305288 /* PBXContainerItemProxy */;
		};
/* End PBXTargetDependency section */

/* Begin XCBuildConfiguration section */
		6C1CB6D42C920E2E00305288 /* Debug */ = {
			isa = XCBuildConfiguration;
			buildSettings = {
				CODE_SIGN_STYLE = Automatic;
				CURRENT_PROJECT_VERSION = 1;
				DEVELOPMENT_TEAM = 68JNFYH5JF;
				GENERATE_INFOPLIST_FILE = YES;
				MACOSX_DEPLOYMENT_TARGET = 14.6;
				MARKETING_VERSION = 1.0;
				PRODUCT_BUNDLE_IDENTIFIER = "de.max-heidinger.PReekTests";
				PRODUCT_NAME = "$(TARGET_NAME)";
				SWIFT_EMIT_LOC_STRINGS = NO;
				SWIFT_VERSION = 5.0;
			};
			name = Debug;
		};
		6C1CB6D52C920E2E00305288 /* Release */ = {
			isa = XCBuildConfiguration;
			buildSettings = {
				CODE_SIGN_STYLE = Automatic;
				CURRENT_PROJECT_VERSION = 1;
				DEVELOPMENT_TEAM = 68JNFYH5JF;
				GENERATE_INFOPLIST_FILE = YES;
				MACOSX_DEPLOYMENT_TARGET = 14.6;
				MARKETING_VERSION = 1.0;
				PRODUCT_BUNDLE_IDENTIFIER = "de.max-heidinger.PReekTests";
				PRODUCT_NAME = "$(TARGET_NAME)";
				SWIFT_EMIT_LOC_STRINGS = NO;
				SWIFT_VERSION = 5.0;
			};
			name = Release;
		};
		6CB027452BFF818000C4C3B1 /* Debug */ = {
			isa = XCBuildConfiguration;
			buildSettings = {
				ALWAYS_SEARCH_USER_PATHS = NO;
				ASSETCATALOG_COMPILER_GENERATE_SWIFT_ASSET_SYMBOL_EXTENSIONS = YES;
				CLANG_ANALYZER_LOCALIZABILITY_NONLOCALIZED = YES;
				CLANG_ANALYZER_NONNULL = YES;
				CLANG_ANALYZER_NUMBER_OBJECT_CONVERSION = YES_AGGRESSIVE;
				CLANG_CXX_LANGUAGE_STANDARD = "gnu++20";
				CLANG_ENABLE_MODULES = YES;
				CLANG_ENABLE_OBJC_ARC = YES;
				CLANG_ENABLE_OBJC_WEAK = YES;
				CLANG_WARN_BLOCK_CAPTURE_AUTORELEASING = YES;
				CLANG_WARN_BOOL_CONVERSION = YES;
				CLANG_WARN_COMMA = YES;
				CLANG_WARN_CONSTANT_CONVERSION = YES;
				CLANG_WARN_DEPRECATED_OBJC_IMPLEMENTATIONS = YES;
				CLANG_WARN_DIRECT_OBJC_ISA_USAGE = YES_ERROR;
				CLANG_WARN_DOCUMENTATION_COMMENTS = YES;
				CLANG_WARN_EMPTY_BODY = YES;
				CLANG_WARN_ENUM_CONVERSION = YES;
				CLANG_WARN_INFINITE_RECURSION = YES;
				CLANG_WARN_INT_CONVERSION = YES;
				CLANG_WARN_NON_LITERAL_NULL_CONVERSION = YES;
				CLANG_WARN_OBJC_IMPLICIT_RETAIN_SELF = YES;
				CLANG_WARN_OBJC_LITERAL_CONVERSION = YES;
				CLANG_WARN_OBJC_ROOT_CLASS = YES_ERROR;
				CLANG_WARN_QUOTED_INCLUDE_IN_FRAMEWORK_HEADER = YES;
				CLANG_WARN_RANGE_LOOP_ANALYSIS = YES;
				CLANG_WARN_STRICT_PROTOTYPES = YES;
				CLANG_WARN_SUSPICIOUS_MOVE = YES;
				CLANG_WARN_UNGUARDED_AVAILABILITY = YES_AGGRESSIVE;
				CLANG_WARN_UNREACHABLE_CODE = YES;
				CLANG_WARN__DUPLICATE_METHOD_MATCH = YES;
				COPY_PHASE_STRIP = NO;
				DEAD_CODE_STRIPPING = YES;
				DEBUG_INFORMATION_FORMAT = dwarf;
				ENABLE_STRICT_OBJC_MSGSEND = YES;
				ENABLE_TESTABILITY = YES;
				ENABLE_USER_SCRIPT_SANDBOXING = YES;
				GCC_C_LANGUAGE_STANDARD = gnu17;
				GCC_DYNAMIC_NO_PIC = NO;
				GCC_NO_COMMON_BLOCKS = YES;
				GCC_OPTIMIZATION_LEVEL = 0;
				GCC_PREPROCESSOR_DEFINITIONS = (
					"DEBUG=1",
					"$(inherited)",
				);
				GCC_WARN_64_TO_32_BIT_CONVERSION = YES;
				GCC_WARN_ABOUT_RETURN_TYPE = YES_ERROR;
				GCC_WARN_UNDECLARED_SELECTOR = YES;
				GCC_WARN_UNINITIALIZED_AUTOS = YES_AGGRESSIVE;
				GCC_WARN_UNUSED_FUNCTION = YES;
				GCC_WARN_UNUSED_VARIABLE = YES;
				LOCALIZATION_PREFERS_STRING_CATALOGS = YES;
				MACOSX_DEPLOYMENT_TARGET = 14.5;
				MTL_ENABLE_DEBUG_INFO = INCLUDE_SOURCE;
				MTL_FAST_MATH = YES;
				ONLY_ACTIVE_ARCH = YES;
				SDKROOT = macosx;
				SWIFT_ACTIVE_COMPILATION_CONDITIONS = "DEBUG $(inherited)";
				SWIFT_OPTIMIZATION_LEVEL = "-Onone";
				SWIFT_VERSION = 5.0;
			};
			name = Debug;
		};
		6CB027462BFF818000C4C3B1 /* Release */ = {
			isa = XCBuildConfiguration;
			buildSettings = {
				ALWAYS_SEARCH_USER_PATHS = NO;
				ASSETCATALOG_COMPILER_GENERATE_SWIFT_ASSET_SYMBOL_EXTENSIONS = YES;
				CLANG_ANALYZER_LOCALIZABILITY_NONLOCALIZED = YES;
				CLANG_ANALYZER_NONNULL = YES;
				CLANG_ANALYZER_NUMBER_OBJECT_CONVERSION = YES_AGGRESSIVE;
				CLANG_CXX_LANGUAGE_STANDARD = "gnu++20";
				CLANG_ENABLE_MODULES = YES;
				CLANG_ENABLE_OBJC_ARC = YES;
				CLANG_ENABLE_OBJC_WEAK = YES;
				CLANG_WARN_BLOCK_CAPTURE_AUTORELEASING = YES;
				CLANG_WARN_BOOL_CONVERSION = YES;
				CLANG_WARN_COMMA = YES;
				CLANG_WARN_CONSTANT_CONVERSION = YES;
				CLANG_WARN_DEPRECATED_OBJC_IMPLEMENTATIONS = YES;
				CLANG_WARN_DIRECT_OBJC_ISA_USAGE = YES_ERROR;
				CLANG_WARN_DOCUMENTATION_COMMENTS = YES;
				CLANG_WARN_EMPTY_BODY = YES;
				CLANG_WARN_ENUM_CONVERSION = YES;
				CLANG_WARN_INFINITE_RECURSION = YES;
				CLANG_WARN_INT_CONVERSION = YES;
				CLANG_WARN_NON_LITERAL_NULL_CONVERSION = YES;
				CLANG_WARN_OBJC_IMPLICIT_RETAIN_SELF = YES;
				CLANG_WARN_OBJC_LITERAL_CONVERSION = YES;
				CLANG_WARN_OBJC_ROOT_CLASS = YES_ERROR;
				CLANG_WARN_QUOTED_INCLUDE_IN_FRAMEWORK_HEADER = YES;
				CLANG_WARN_RANGE_LOOP_ANALYSIS = YES;
				CLANG_WARN_STRICT_PROTOTYPES = YES;
				CLANG_WARN_SUSPICIOUS_MOVE = YES;
				CLANG_WARN_UNGUARDED_AVAILABILITY = YES_AGGRESSIVE;
				CLANG_WARN_UNREACHABLE_CODE = YES;
				CLANG_WARN__DUPLICATE_METHOD_MATCH = YES;
				COPY_PHASE_STRIP = NO;
				DEAD_CODE_STRIPPING = YES;
				DEBUG_INFORMATION_FORMAT = "dwarf-with-dsym";
				ENABLE_NS_ASSERTIONS = NO;
				ENABLE_STRICT_OBJC_MSGSEND = YES;
				ENABLE_USER_SCRIPT_SANDBOXING = YES;
				GCC_C_LANGUAGE_STANDARD = gnu17;
				GCC_NO_COMMON_BLOCKS = YES;
				GCC_WARN_64_TO_32_BIT_CONVERSION = YES;
				GCC_WARN_ABOUT_RETURN_TYPE = YES_ERROR;
				GCC_WARN_UNDECLARED_SELECTOR = YES;
				GCC_WARN_UNINITIALIZED_AUTOS = YES_AGGRESSIVE;
				GCC_WARN_UNUSED_FUNCTION = YES;
				GCC_WARN_UNUSED_VARIABLE = YES;
				LOCALIZATION_PREFERS_STRING_CATALOGS = YES;
				MACOSX_DEPLOYMENT_TARGET = 14.5;
				MTL_ENABLE_DEBUG_INFO = NO;
				MTL_FAST_MATH = YES;
				SDKROOT = macosx;
				SWIFT_COMPILATION_MODE = wholemodule;
				SWIFT_VERSION = 5.0;
			};
			name = Release;
		};
		6CB027482BFF818000C4C3B1 /* Debug */ = {
			isa = XCBuildConfiguration;
			buildSettings = {
				ASSETCATALOG_COMPILER_APPICON_NAME = AppIcon;
				ASSETCATALOG_COMPILER_GLOBAL_ACCENT_COLOR_NAME = AccentColor;
				CODE_SIGN_ENTITLEMENTS = PReek/PReek.entitlements;
				CODE_SIGN_IDENTITY = "Apple Development";
				CODE_SIGN_STYLE = Automatic;
				COMBINE_HIDPI_IMAGES = YES;
				CURRENT_PROJECT_VERSION = 1;
				DEAD_CODE_STRIPPING = YES;
				DEVELOPMENT_ASSET_PATHS = "";
				DEVELOPMENT_TEAM = 68JNFYH5JF;
				ENABLE_HARDENED_RUNTIME = YES;
				ENABLE_PREVIEWS = YES;
				GENERATE_INFOPLIST_FILE = YES;
				INFOPLIST_KEY_CFBundleDisplayName = PReek;
				INFOPLIST_KEY_LSApplicationCategoryType = "public.app-category.developer-tools";
				INFOPLIST_KEY_LSUIElement = YES;
				INFOPLIST_KEY_NSHumanReadableCopyright = "";
				LD_RUNPATH_SEARCH_PATHS = (
					"$(inherited)",
					"@executable_path/../Frameworks",
				);
				MARKETING_VERSION = 0.5.0;
				PRODUCT_BUNDLE_IDENTIFIER = "de.max-heidinger.PReek";
				PRODUCT_NAME = "$(TARGET_NAME)";
				PROVISIONING_PROFILE_SPECIFIER = "";
				SWIFT_EMIT_LOC_STRINGS = YES;
				SWIFT_VERSION = 5.0;
			};
			name = Debug;
		};
		6CB027492BFF818000C4C3B1 /* Release */ = {
			isa = XCBuildConfiguration;
			buildSettings = {
				ASSETCATALOG_COMPILER_APPICON_NAME = AppIcon;
				ASSETCATALOG_COMPILER_GLOBAL_ACCENT_COLOR_NAME = AccentColor;
				CODE_SIGN_ENTITLEMENTS = PReek/PReek.entitlements;
				CODE_SIGN_IDENTITY = "Apple Development";
				CODE_SIGN_STYLE = Automatic;
				COMBINE_HIDPI_IMAGES = YES;
				CURRENT_PROJECT_VERSION = 1;
				DEAD_CODE_STRIPPING = YES;
				DEVELOPMENT_ASSET_PATHS = "";
				DEVELOPMENT_TEAM = 68JNFYH5JF;
				ENABLE_HARDENED_RUNTIME = YES;
				ENABLE_PREVIEWS = YES;
				GENERATE_INFOPLIST_FILE = YES;
				INFOPLIST_KEY_CFBundleDisplayName = PReek;
				INFOPLIST_KEY_LSApplicationCategoryType = "public.app-category.developer-tools";
				INFOPLIST_KEY_LSUIElement = YES;
				INFOPLIST_KEY_NSHumanReadableCopyright = "";
				LD_RUNPATH_SEARCH_PATHS = (
					"$(inherited)",
					"@executable_path/../Frameworks",
				);
				MARKETING_VERSION = 0.5.0;
				PRODUCT_BUNDLE_IDENTIFIER = "de.max-heidinger.PReek";
				PRODUCT_NAME = "$(TARGET_NAME)";
				PROVISIONING_PROFILE_SPECIFIER = "";
				SWIFT_EMIT_LOC_STRINGS = YES;
				SWIFT_VERSION = 5.0;
			};
			name = Release;
		};
/* End XCBuildConfiguration section */

/* Begin XCConfigurationList section */
		6C1CB6D62C920E2E00305288 /* Build configuration list for PBXNativeTarget "PReekTests" */ = {
			isa = XCConfigurationList;
			buildConfigurations = (
				6C1CB6D42C920E2E00305288 /* Debug */,
				6C1CB6D52C920E2E00305288 /* Release */,
			);
			defaultConfigurationIsVisible = 0;
			defaultConfigurationName = Release;
		};
		6CB0271D2BFF817E00C4C3B1 /* Build configuration list for PBXProject "PReek" */ = {
			isa = XCConfigurationList;
			buildConfigurations = (
				6CB027452BFF818000C4C3B1 /* Debug */,
				6CB027462BFF818000C4C3B1 /* Release */,
			);
			defaultConfigurationIsVisible = 0;
			defaultConfigurationName = Release;
		};
		6CB027472BFF818000C4C3B1 /* Build configuration list for PBXNativeTarget "PReek" */ = {
			isa = XCConfigurationList;
			buildConfigurations = (
				6CB027482BFF818000C4C3B1 /* Debug */,
				6CB027492BFF818000C4C3B1 /* Release */,
			);
			defaultConfigurationIsVisible = 0;
			defaultConfigurationName = Release;
		};
/* End XCConfigurationList section */

/* Begin XCRemoteSwiftPackageReference section */
		6C232DE52C08C51D00C003B1 /* XCRemoteSwiftPackageReference "KeychainAccess" */ = {
			isa = XCRemoteSwiftPackageReference;
			repositoryURL = "https://github.com/kishikawakatsumi/KeychainAccess";
			requirement = {
				kind = upToNextMajorVersion;
				minimumVersion = 4.2.2;
			};
		};
		6C3F26B72CB47467007FFB25 /* XCRemoteSwiftPackageReference "LaunchAtLogin-Modern" */ = {
			isa = XCRemoteSwiftPackageReference;
			repositoryURL = "https://github.com/sindresorhus/LaunchAtLogin-Modern";
			requirement = {
				kind = upToNextMajorVersion;
				minimumVersion = 1.1.0;
			};
		};
		6C7C4C9F2C071A0400B9B4DA /* XCRemoteSwiftPackageReference "LinkHeaderParser" */ = {
			isa = XCRemoteSwiftPackageReference;
			repositoryURL = "https://github.com/Frizlab/LinkHeaderParser.git";
			requirement = {
				branch = main;
				kind = branch;
			};
		};
		6CB7203C2C70ED840067CA1D /* XCRemoteSwiftPackageReference "swift-markdown-ui" */ = {
			isa = XCRemoteSwiftPackageReference;
			repositoryURL = "https://github.com/gonzalezreal/swift-markdown-ui";
			requirement = {
				kind = upToNextMajorVersion;
				minimumVersion = 2.4.0;
			};
		};
		6CE0CE6A2C40FF5D00ECF4FA /* XCRemoteSwiftPackageReference "MenuBarExtraAccess" */ = {
			isa = XCRemoteSwiftPackageReference;
			repositoryURL = "https://github.com/orchetect/MenuBarExtraAccess";
			requirement = {
				kind = upToNextMajorVersion;
				minimumVersion = 1.0.5;
			};
		};
/* End XCRemoteSwiftPackageReference section */

/* Begin XCSwiftPackageProductDependency section */
		6C1CB6FA2C921D6500305288 /* MarkdownUI */ = {
			isa = XCSwiftPackageProductDependency;
			package = 6CB7203C2C70ED840067CA1D /* XCRemoteSwiftPackageReference "swift-markdown-ui" */;
			productName = MarkdownUI;
		};
		6C232DE62C08C51D00C003B1 /* KeychainAccess */ = {
			isa = XCSwiftPackageProductDependency;
			package = 6C232DE52C08C51D00C003B1 /* XCRemoteSwiftPackageReference "KeychainAccess" */;
			productName = KeychainAccess;
		};
		6C3F26B82CB47467007FFB25 /* LaunchAtLogin */ = {
			isa = XCSwiftPackageProductDependency;
			package = 6C3F26B72CB47467007FFB25 /* XCRemoteSwiftPackageReference "LaunchAtLogin-Modern" */;
			productName = LaunchAtLogin;
		};
		6C7C4CA02C071A0400B9B4DA /* LinkHeaderParser */ = {
			isa = XCSwiftPackageProductDependency;
			package = 6C7C4C9F2C071A0400B9B4DA /* XCRemoteSwiftPackageReference "LinkHeaderParser" */;
			productName = LinkHeaderParser;
		};
		6CB7203D2C70ED840067CA1D /* MarkdownUI */ = {
			isa = XCSwiftPackageProductDependency;
			package = 6CB7203C2C70ED840067CA1D /* XCRemoteSwiftPackageReference "swift-markdown-ui" */;
			productName = MarkdownUI;
		};
		6CE0CE6B2C40FF5D00ECF4FA /* MenuBarExtraAccess */ = {
			isa = XCSwiftPackageProductDependency;
			package = 6CE0CE6A2C40FF5D00ECF4FA /* XCRemoteSwiftPackageReference "MenuBarExtraAccess" */;
			productName = MenuBarExtraAccess;
		};
/* End XCSwiftPackageProductDependency section */
	};
	rootObject = 6CB0271A2BFF817E00C4C3B1 /* Project object */;
}
