{
  "originHash" : "f5758a84bb9946d4c35a8ce265a9a4ae2519529a6934cf80c3bc67715fa834b6",
  "pins" : [
    {
      "identity" : "keychainaccess",
      "kind" : "remoteSourceControl",
      "location" : "https://github.com/kishikawakatsumi/KeychainAccess",
      "state" : {
        "branch" : "master",
        "revision" : "e0c7eebc5a4465a3c4680764f26b7a61f567cdaf"
      }
    },
    {
      "identity" : "linkheaderparser",
      "kind" : "remoteSourceControl",
      "location" : "https://github.com/Frizlab/LinkHeaderParser.git",
      "state" : {
        "branch" : "main",
        "revision" : "1c58f73654b70ed1582cdbaca4e39e7256cc6254"
      }
    },
    {
      "identity" : "menubarextraaccess",
      "kind" : "remoteSourceControl",
      "location" : "https://github.com/orchetect/MenuBarExtraAccess",
      "state" : {
        "revision" : "f5896b47e15e114975897354c7e1082c51a2bffd",
        "version" : "1.0.5"
      }
    }
  ],
  "version" : 3
}
